
Microsoft Visual Studio Solution File, Format Version 12.00
# Visual Studio Version 16
VisualStudioVersion = 16.0.29509.3
MinimumVisualStudioVersion = 10.0.40219.1
Project("{9A19103F-16F7-4668-BE54-9A1E7A4F7556}") = "SqlTableDependency.Extensions", "SqlTableDependency.Extensions\SqlTableDependency.Extensions.csproj", "{889EA023-4804-4D80-9337-A61E317A1A68}"
EndProject
Project("{9A19103F-16F7-4668-BE54-9A1E7A4F7556}") = "SqlTableDependency.Extensions.Sample", "SqlTableDependency.Extensions.Sample\SqlTableDependency.Extensions.Sample.csproj", "{2F93F2B7-4E17-459F-BAB9-3AE8E01B1371}"
EndProject
Project("{2150E333-8FDC-42A3-9474-1A3956D46DE8}") = "Tests", "Tests", "{7C3B0334-137C-4DAC-BABB-05AB79C18BDB}"
EndProject
Project("{9A19103F-16F7-4668-BE54-9A1E7A4F7556}") = "SqlTableDependency.Extensions.Tests", "SqlTableDependency.Extensions.Tests\SqlTableDependency.Extensions.Tests.csproj", "{965FB490-0CFC-4D34-88A2-4026349AD899}"
EndProject
Project("{2150E333-8FDC-42A3-9474-1A3956D46DE8}") = "Examples", "Examples", "{9A38AC52-C490-403F-AFF0-76EE1F3C1A39}"
EndProject
Project("{9A19103F-16F7-4668-BE54-9A1E7A4F7556}") = "SqlTableDependency.Extensions.WPFSample", "SqlTableDependency.Extensions.WPFSample\SqlTableDependency.Extensions.WPFSample.csproj", "{B350B3C4-68DE-403A-8EBB-32AB18BC31F6}"
EndProject
Project("{9A19103F-16F7-4668-BE54-9A1E7A4F7556}") = "Sample.Domain", "Sample.Domain\Sample.Domain.csproj", "{2EB4733E-C429-4B15-9A40-C0AB794372F8}"
EndProject
Project("{9A19103F-16F7-4668-BE54-9A1E7A4F7556}") = "Sample.Data", "Sample.Data\Sample.Data.csproj", "{1311E88D-1239-467B-B8F9-60E4D5F265B0}"
EndProject
Project("{9A19103F-16F7-4668-BE54-9A1E7A4F7556}") = "Joker.MVVM", "Joker.MVVM\Joker.MVVM.csproj", "{3A359530-27F7-4AD1-9C2C-2051D95D7451}"
EndProject
Project("{9A19103F-16F7-4668-BE54-9A1E7A4F7556}") = "Joker.MVVM.Tests", "Joker.Tests\Joker.MVVM.Tests.csproj", "{0EC04A9D-8AE3-400D-A277-78DC66942C0E}"
EndProject
Project("{9A19103F-16F7-4668-BE54-9A1E7A4F7556}") = "UnitTests", "UnitTests\UnitTests.csproj", "{59B30EBA-EE8D-404F-A757-A431B2F83781}"
EndProject
Project("{9A19103F-16F7-4668-BE54-9A1E7A4F7556}") = "Joker", "Joker\Joker.csproj", "{90895AFE-4199-45D7-926D-12C0B8FDD5E3}"
EndProject
Project("{2150E333-8FDC-42A3-9474-1A3956D46DE8}") = "Joker", "Joker", "{F0552F7C-3F9C-4BDF-96C3-F793546E1BD5}"
EndProject
Project("{9A19103F-16F7-4668-BE54-9A1E7A4F7556}") = "Joker.Redis", "Joker.Redis\Joker.Redis.csproj", "{F6C30F54-6947-4CA9-B2E3-2B5A81FF42D4}"
EndProject
Project("{9A19103F-16F7-4668-BE54-9A1E7A4F7556}") = "Joker.Redis.Tests", "Joker.Redis.Tests\Joker.Redis.Tests.csproj", "{B81C6AE2-4026-41CF-8FE1-91A3C4084598}"
EndProject
Global
	GlobalSection(SolutionConfigurationPlatforms) = preSolution
		Debug|Any CPU = Debug|Any CPU
		Release|Any CPU = Release|Any CPU
	EndGlobalSection
	GlobalSection(ProjectConfigurationPlatforms) = postSolution
		{889EA023-4804-4D80-9337-A61E317A1A68}.Debug|Any CPU.ActiveCfg = Debug|Any CPU
		{889EA023-4804-4D80-9337-A61E317A1A68}.Debug|Any CPU.Build.0 = Debug|Any CPU
		{889EA023-4804-4D80-9337-A61E317A1A68}.Release|Any CPU.ActiveCfg = Release|Any CPU
		{889EA023-4804-4D80-9337-A61E317A1A68}.Release|Any CPU.Build.0 = Release|Any CPU
		{2F93F2B7-4E17-459F-BAB9-3AE8E01B1371}.Debug|Any CPU.ActiveCfg = Debug|Any CPU
		{2F93F2B7-4E17-459F-BAB9-3AE8E01B1371}.Debug|Any CPU.Build.0 = Debug|Any CPU
		{2F93F2B7-4E17-459F-BAB9-3AE8E01B1371}.Release|Any CPU.ActiveCfg = Release|Any CPU
		{2F93F2B7-4E17-459F-BAB9-3AE8E01B1371}.Release|Any CPU.Build.0 = Release|Any CPU
		{965FB490-0CFC-4D34-88A2-4026349AD899}.Debug|Any CPU.ActiveCfg = Debug|Any CPU
		{965FB490-0CFC-4D34-88A2-4026349AD899}.Debug|Any CPU.Build.0 = Debug|Any CPU
		{965FB490-0CFC-4D34-88A2-4026349AD899}.Release|Any CPU.ActiveCfg = Release|Any CPU
		{965FB490-0CFC-4D34-88A2-4026349AD899}.Release|Any CPU.Build.0 = Release|Any CPU
		{B350B3C4-68DE-403A-8EBB-32AB18BC31F6}.Debug|Any CPU.ActiveCfg = Debug|Any CPU
		{B350B3C4-68DE-403A-8EBB-32AB18BC31F6}.Debug|Any CPU.Build.0 = Debug|Any CPU
		{B350B3C4-68DE-403A-8EBB-32AB18BC31F6}.Release|Any CPU.ActiveCfg = Release|Any CPU
		{B350B3C4-68DE-403A-8EBB-32AB18BC31F6}.Release|Any CPU.Build.0 = Release|Any CPU
		{2EB4733E-C429-4B15-9A40-C0AB794372F8}.Debug|Any CPU.ActiveCfg = Debug|Any CPU
		{2EB4733E-C429-4B15-9A40-C0AB794372F8}.Debug|Any CPU.Build.0 = Debug|Any CPU
		{2EB4733E-C429-4B15-9A40-C0AB794372F8}.Release|Any CPU.ActiveCfg = Release|Any CPU
		{2EB4733E-C429-4B15-9A40-C0AB794372F8}.Release|Any CPU.Build.0 = Release|Any CPU
		{1311E88D-1239-467B-B8F9-60E4D5F265B0}.Debug|Any CPU.ActiveCfg = Debug|Any CPU
		{1311E88D-1239-467B-B8F9-60E4D5F265B0}.Debug|Any CPU.Build.0 = Debug|Any CPU
		{1311E88D-1239-467B-B8F9-60E4D5F265B0}.Release|Any CPU.ActiveCfg = Release|Any CPU
		{1311E88D-1239-467B-B8F9-60E4D5F265B0}.Release|Any CPU.Build.0 = Release|Any CPU
		{3A359530-27F7-4AD1-9C2C-2051D95D7451}.Debug|Any CPU.ActiveCfg = Debug|Any CPU
		{3A359530-27F7-4AD1-9C2C-2051D95D7451}.Debug|Any CPU.Build.0 = Debug|Any CPU
		{3A359530-27F7-4AD1-9C2C-2051D95D7451}.Release|Any CPU.ActiveCfg = Release|Any CPU
		{3A359530-27F7-4AD1-9C2C-2051D95D7451}.Release|Any CPU.Build.0 = Release|Any CPU
		{0EC04A9D-8AE3-400D-A277-78DC66942C0E}.Debug|Any CPU.ActiveCfg = Debug|Any CPU
		{0EC04A9D-8AE3-400D-A277-78DC66942C0E}.Debug|Any CPU.Build.0 = Debug|Any CPU
		{0EC04A9D-8AE3-400D-A277-78DC66942C0E}.Release|Any CPU.ActiveCfg = Release|Any CPU
		{0EC04A9D-8AE3-400D-A277-78DC66942C0E}.Release|Any CPU.Build.0 = Release|Any CPU
		{59B30EBA-EE8D-404F-A757-A431B2F83781}.Debug|Any CPU.ActiveCfg = Debug|Any CPU
		{59B30EBA-EE8D-404F-A757-A431B2F83781}.Debug|Any CPU.Build.0 = Debug|Any CPU
		{59B30EBA-EE8D-404F-A757-A431B2F83781}.Release|Any CPU.ActiveCfg = Release|Any CPU
		{59B30EBA-EE8D-404F-A757-A431B2F83781}.Release|Any CPU.Build.0 = Release|Any CPU
		{90895AFE-4199-45D7-926D-12C0B8FDD5E3}.Debug|Any CPU.ActiveCfg = Debug|Any CPU
		{90895AFE-4199-45D7-926D-12C0B8FDD5E3}.Debug|Any CPU.Build.0 = Debug|Any CPU
		{90895AFE-4199-45D7-926D-12C0B8FDD5E3}.Release|Any CPU.ActiveCfg = Release|Any CPU
		{90895AFE-4199-45D7-926D-12C0B8FDD5E3}.Release|Any CPU.Build.0 = Release|Any CPU
		{F6C30F54-6947-4CA9-B2E3-2B5A81FF42D4}.Debug|Any CPU.ActiveCfg = Debug|Any CPU
		{F6C30F54-6947-4CA9-B2E3-2B5A81FF42D4}.Debug|Any CPU.Build.0 = Debug|Any CPU
		{F6C30F54-6947-4CA9-B2E3-2B5A81FF42D4}.Release|Any CPU.ActiveCfg = Release|Any CPU
		{F6C30F54-6947-4CA9-B2E3-2B5A81FF42D4}.Release|Any CPU.Build.0 = Release|Any CPU
		{B81C6AE2-4026-41CF-8FE1-91A3C4084598}.Debug|Any CPU.ActiveCfg = Debug|Any CPU
		{B81C6AE2-4026-41CF-8FE1-91A3C4084598}.Debug|Any CPU.Build.0 = Debug|Any CPU
		{B81C6AE2-4026-41CF-8FE1-91A3C4084598}.Release|Any CPU.ActiveCfg = Release|Any CPU
		{B81C6AE2-4026-41CF-8FE1-91A3C4084598}.Release|Any CPU.Build.0 = Release|Any CPU
	EndGlobalSection
	GlobalSection(SolutionProperties) = preSolution
		HideSolutionNode = FALSE
	EndGlobalSection
	GlobalSection(NestedProjects) = preSolution
		{2F93F2B7-4E17-459F-BAB9-3AE8E01B1371} = {9A38AC52-C490-403F-AFF0-76EE1F3C1A39}
		{965FB490-0CFC-4D34-88A2-4026349AD899} = {7C3B0334-137C-4DAC-BABB-05AB79C18BDB}
		{B350B3C4-68DE-403A-8EBB-32AB18BC31F6} = {9A38AC52-C490-403F-AFF0-76EE1F3C1A39}
		{2EB4733E-C429-4B15-9A40-C0AB794372F8} = {9A38AC52-C490-403F-AFF0-76EE1F3C1A39}
		{1311E88D-1239-467B-B8F9-60E4D5F265B0} = {9A38AC52-C490-403F-AFF0-76EE1F3C1A39}
		{3A359530-27F7-4AD1-9C2C-2051D95D7451} = {F0552F7C-3F9C-4BDF-96C3-F793546E1BD5}
		{0EC04A9D-8AE3-400D-A277-78DC66942C0E} = {7C3B0334-137C-4DAC-BABB-05AB79C18BDB}
		{59B30EBA-EE8D-404F-A757-A431B2F83781} = {7C3B0334-137C-4DAC-BABB-05AB79C18BDB}
		{90895AFE-4199-45D7-926D-12C0B8FDD5E3} = {F0552F7C-3F9C-4BDF-96C3-F793546E1BD5}
		{F6C30F54-6947-4CA9-B2E3-2B5A81FF42D4} = {F0552F7C-3F9C-4BDF-96C3-F793546E1BD5}
		{B81C6AE2-4026-41CF-8FE1-91A3C4084598} = {7C3B0334-137C-4DAC-BABB-05AB79C18BDB}
	EndGlobalSection
	GlobalSection(ExtensibilityGlobals) = postSolution
		SolutionGuid = {D126F5EC-9F52-488C-AA73-0EFAF4AF94B3}
	EndGlobalSection
EndGlobal
