
Microsoft Visual Studio Solution File, Format Version 12.00
# Visual Studio Version 16
VisualStudioVersion = 16.0.29509.3
MinimumVisualStudioVersion = 10.0.40219.1
Project("{9A19103F-16F7-4668-BE54-9A1E7A4F7556}") = "SqlTableDependency.Extensions", "SqlTableDependency.Extensions\SqlTableDependency.Extensions.csproj", "{889EA023-4804-4D80-9337-A61E317A1A68}"
EndProject
Project("{2150E333-8FDC-42A3-9474-1A3956D46DE8}") = "Tests", "Tests", "{7C3B0334-137C-4DAC-BABB-05AB79C18BDB}"
EndProject
Project("{2150E333-8FDC-42A3-9474-1A3956D46DE8}") = "Examples", "Examples", "{9A38AC52-C490-403F-AFF0-76EE1F3C1A39}"
EndProject
Project("{9A19103F-16F7-4668-BE54-9A1E7A4F7556}") = "Sample.Data", "Samples\Sample.Data\Sample.Data.csproj", "{1311E88D-1239-467B-B8F9-60E4D5F265B0}"
EndProject
Project("{9A19103F-16F7-4668-BE54-9A1E7A4F7556}") = "Joker.MVVM", "Joker.MVVM\Joker.MVVM.csproj", "{3A359530-27F7-4AD1-9C2C-2051D95D7451}"
EndProject
Project("{9A19103F-16F7-4668-BE54-9A1E7A4F7556}") = "Joker", "Joker\Joker.csproj", "{90895AFE-4199-45D7-926D-12C0B8FDD5E3}"
EndProject
Project("{2150E333-8FDC-42A3-9474-1A3956D46DE8}") = "Joker.Libs", "Joker.Libs", "{F0552F7C-3F9C-4BDF-96C3-F793546E1BD5}"
EndProject
Project("{9A19103F-16F7-4668-BE54-9A1E7A4F7556}") = "Joker.Redis", "Joker.Redis\Joker.Redis.csproj", "{F6C30F54-6947-4CA9-B2E3-2B5A81FF42D4}"
EndProject
Project("{2150E333-8FDC-42A3-9474-1A3956D46DE8}") = "OData", "OData", "{64A618E2-4F51-41AF-A946-FFEEF5396F8B}"
EndProject
Project("{9A19103F-16F7-4668-BE54-9A1E7A4F7556}") = "SelfHostedODataService", "Samples\OData\SelfHostedODataService\SelfHostedODataService.csproj", "{883825DE-7562-49C1-89B1-DE97A60E594D}"
EndProject
Project("{9A19103F-16F7-4668-BE54-9A1E7A4F7556}") = "OData.Client", "Samples\OData\OData.Client\OData.Client.csproj", "{AFD9CC07-D335-47C7-86D0-926955DC3EC1}"
EndProject
Project("{9A19103F-16F7-4668-BE54-9A1E7A4F7556}") = "Sample.Domain", "Samples\Sample.Domain\Sample.Domain.csproj", "{499EB594-2D3A-4BD0-8DF8-70AE6CF04E0F}"
EndProject
Project("{9A19103F-16F7-4668-BE54-9A1E7A4F7556}") = "Joker.WPF.Sample", "Samples\Joker.WPF.Sample\Joker.WPF.Sample.csproj", "{062EBFF7-D6DE-4DE9-9EAD-98FFFB6EA1D8}"
EndProject
Project("{9A19103F-16F7-4668-BE54-9A1E7A4F7556}") = "SqlTableDependency.Extensions.Sample", "Samples\SqlTableDependency.Extensions.Sample\SqlTableDependency.Extensions.Sample.csproj", "{23B2C00A-30C6-4078-BCE3-E9F0C99FAF9F}"
EndProject
Project("{9A19103F-16F7-4668-BE54-9A1E7A4F7556}") = "UnitTests", "Tests\UnitTests\UnitTests.csproj", "{CE6191A3-1EC1-4D5E-A694-E61E885512A3}"
EndProject
Project("{9A19103F-16F7-4668-BE54-9A1E7A4F7556}") = "Joker.MVVM.Tests", "Tests\Joker.Tests\Joker.MVVM.Tests.csproj", "{8C42FD90-FAF9-42E3-9777-F032EA4E7694}"
EndProject
Project("{9A19103F-16F7-4668-BE54-9A1E7A4F7556}") = "Joker.Redis.Tests", "Tests\Joker.Redis.Tests\Joker.Redis.Tests.csproj", "{2613B622-A28F-457C-B403-E0A1572B2262}"
EndProject
Project("{9A19103F-16F7-4668-BE54-9A1E7A4F7556}") = "SqlTableDependency.Extensions.Tests", "Tests\SqlTableDependency.Extensions.Tests\SqlTableDependency.Extensions.Tests.csproj", "{0F6D30B5-B8A8-418F-98E9-6DDBE830D3B2}"
EndProject
Project("{9A19103F-16F7-4668-BE54-9A1E7A4F7556}") = "SqlTableDependency.Extensions.IntegrationTests", "Tests\SqlTableDependency.Extensions.IntegrationTests\SqlTableDependency.Extensions.IntegrationTests.csproj", "{5FCDDD1D-1F8E-4892-8B17-4FE9D10A0C29}"
EndProject
Project("{E53339B2-1760-4266-BCC7-CA923CBCF16C}") = "docker-compose", "docker-compose.dcproj", "{C6601B25-1578-406B-A7B7-DDF1205E2B2C}"
EndProject
Project("{9A19103F-16F7-4668-BE54-9A1E7A4F7556}") = "Joker.OData", "Joker.OData\Joker.OData.csproj", "{11097D7F-143B-4971-AA5F-E79C5A736AAC}"
EndProject
Project("{9A19103F-16F7-4668-BE54-9A1E7A4F7556}") = "Joker.EntityFramework", "Joker.EntityFramework\Joker.EntityFramework.csproj", "{B75986F5-B43E-46CD-BE42-B3D703694FD2}"
EndProject
Project("{2150E333-8FDC-42A3-9474-1A3956D46DE8}") = "Data", "Data", "{1D15D0EE-BC7E-435F-B05A-059C243AFDF3}"
EndProject
Project("{9A19103F-16F7-4668-BE54-9A1E7A4F7556}") = "Domain.Tests", "Tests\Data\Sample.Domain\Domain.Tests.csproj", "{77DD2231-83C4-42C9-B459-B1B9BA38E489}"
EndProject
Project("{9A19103F-16F7-4668-BE54-9A1E7A4F7556}") = "IntegrationTests", "Tests\IntegrationTests\IntegrationTests.csproj", "{90A4C434-4D79-492B-8A23-7CB373D06EB6}"
EndProject
Project("{9A19103F-16F7-4668-BE54-9A1E7A4F7556}") = "Sample.DataCore", "Samples\Sample.DataCore\Sample.DataCore.csproj", "{19684879-8928-4FC0-AE69-432D39243847}"
EndProject
Project("{9A19103F-16F7-4668-BE54-9A1E7A4F7556}") = "SelfHostedODataService.EFCore", "Samples\OData\SelfHostedODataService.EFCore\SelfHostedODataService.EFCore.csproj", "{C99FBAAD-730D-4902-876C-81F654EC821A}"
EndProject
Project("{9A19103F-16F7-4668-BE54-9A1E7A4F7556}") = "Joker.EntityFrameworkCore", "Joker.EntityFrameworkCore\Joker.EntityFrameworkCore.csproj", "{2E67063B-E3B2-4B49-AFD2-ED1661E37442}"
EndProject
Project("{D954291E-2A0B-460D-934E-DC6B0785DB48}") = "Joker.PubSubUI.Shared", "Samples\Joker.PubSubUI.Shared\Joker.PubSubUI.Shared.shproj", "{28C8ED4F-505F-4344-8ED1-D52355AF59F7}"
EndProject
Project("{2150E333-8FDC-42A3-9474-1A3956D46DE8}") = "Blazor", "Blazor", "{90794264-2AF3-4B01-8F0D-B48FEE83DA33}"
EndProject
Project("{9A19103F-16F7-4668-BE54-9A1E7A4F7556}") = "Joker.BlazorApp.Sample", "Samples\Blazor.WebAssembly\Joker.BlazorApp.Sample\Joker.BlazorApp.Sample.csproj", "{61F59F70-3481-41D8-B466-260E412B64ED}"
EndProject
Project("{2150E333-8FDC-42A3-9474-1A3956D46DE8}") = "Shared", "Shared", "{03FF0F20-7F61-4E83-AC37-A0490AD955EE}"
EndProject
Project("{9A19103F-16F7-4668-BE54-9A1E7A4F7556}") = "Joker.Autofac.UI", "Samples\Shared\Joker.Autofac.UI\Joker.Autofac.UI.csproj", "{0243A0F3-CB5C-47C3-8D80-BB1F9C78818C}"
EndProject
Project("{9A19103F-16F7-4668-BE54-9A1E7A4F7556}") = "Joker.Ninject.UI", "Samples\Shared\Joker.Ninject.UI\Joker.Ninject.UI.csproj", "{B83F5C43-647F-4028-872B-0E327F5131EB}"
EndProject
Project("{2150E333-8FDC-42A3-9474-1A3956D46DE8}") = "DAL", "DAL", "{D8F332EF-4694-4A30-9FE1-349173DF7A6A}"
EndProject
Project("{2150E333-8FDC-42A3-9474-1A3956D46DE8}") = "Domain", "Domain", "{4FD87675-B0D8-4DAE-BA39-6D76DF38B3F2}"
EndProject
Global
	GlobalSection(SharedMSBuildProjectFiles) = preSolution
		Samples\Joker.PubSubUI.Shared\Joker.PubSubUI.Shared.projitems*{0243a0f3-cb5c-47c3-8d80-bb1f9c78818c}*SharedItemsImports = 5
		Samples\Joker.PubSubUI.Shared\Joker.PubSubUI.Shared.projitems*{28c8ed4f-505f-4344-8ed1-d52355af59f7}*SharedItemsImports = 13
		Samples\Joker.PubSubUI.Shared\Joker.PubSubUI.Shared.projitems*{b83f5c43-647f-4028-872b-0e327f5131eb}*SharedItemsImports = 5
	EndGlobalSection
	GlobalSection(SolutionConfigurationPlatforms) = preSolution
		Debug|Any CPU = Debug|Any CPU
		Release|Any CPU = Release|Any CPU
	EndGlobalSection
	GlobalSection(ProjectConfigurationPlatforms) = postSolution
		{889EA023-4804-4D80-9337-A61E317A1A68}.Debug|Any CPU.ActiveCfg = Debug|Any CPU
		{889EA023-4804-4D80-9337-A61E317A1A68}.Debug|Any CPU.Build.0 = Debug|Any CPU
		{889EA023-4804-4D80-9337-A61E317A1A68}.Release|Any CPU.ActiveCfg = Release|Any CPU
		{889EA023-4804-4D80-9337-A61E317A1A68}.Release|Any CPU.Build.0 = Release|Any CPU
		{1311E88D-1239-467B-B8F9-60E4D5F265B0}.Debug|Any CPU.ActiveCfg = Debug|Any CPU
		{1311E88D-1239-467B-B8F9-60E4D5F265B0}.Debug|Any CPU.Build.0 = Debug|Any CPU
		{1311E88D-1239-467B-B8F9-60E4D5F265B0}.Release|Any CPU.ActiveCfg = Release|Any CPU
		{1311E88D-1239-467B-B8F9-60E4D5F265B0}.Release|Any CPU.Build.0 = Release|Any CPU
		{3A359530-27F7-4AD1-9C2C-2051D95D7451}.Debug|Any CPU.ActiveCfg = Debug|Any CPU
		{3A359530-27F7-4AD1-9C2C-2051D95D7451}.Debug|Any CPU.Build.0 = Debug|Any CPU
		{3A359530-27F7-4AD1-9C2C-2051D95D7451}.Release|Any CPU.ActiveCfg = Release|Any CPU
		{3A359530-27F7-4AD1-9C2C-2051D95D7451}.Release|Any CPU.Build.0 = Release|Any CPU
		{90895AFE-4199-45D7-926D-12C0B8FDD5E3}.Debug|Any CPU.ActiveCfg = Debug|Any CPU
		{90895AFE-4199-45D7-926D-12C0B8FDD5E3}.Debug|Any CPU.Build.0 = Debug|Any CPU
		{90895AFE-4199-45D7-926D-12C0B8FDD5E3}.Release|Any CPU.ActiveCfg = Release|Any CPU
		{90895AFE-4199-45D7-926D-12C0B8FDD5E3}.Release|Any CPU.Build.0 = Release|Any CPU
		{F6C30F54-6947-4CA9-B2E3-2B5A81FF42D4}.Debug|Any CPU.ActiveCfg = Debug|Any CPU
		{F6C30F54-6947-4CA9-B2E3-2B5A81FF42D4}.Debug|Any CPU.Build.0 = Debug|Any CPU
		{F6C30F54-6947-4CA9-B2E3-2B5A81FF42D4}.Release|Any CPU.ActiveCfg = Release|Any CPU
		{F6C30F54-6947-4CA9-B2E3-2B5A81FF42D4}.Release|Any CPU.Build.0 = Release|Any CPU
		{883825DE-7562-49C1-89B1-DE97A60E594D}.Debug|Any CPU.ActiveCfg = Debug|Any CPU
		{883825DE-7562-49C1-89B1-DE97A60E594D}.Debug|Any CPU.Build.0 = Debug|Any CPU
		{883825DE-7562-49C1-89B1-DE97A60E594D}.Release|Any CPU.ActiveCfg = Release|Any CPU
		{883825DE-7562-49C1-89B1-DE97A60E594D}.Release|Any CPU.Build.0 = Release|Any CPU
		{AFD9CC07-D335-47C7-86D0-926955DC3EC1}.Debug|Any CPU.ActiveCfg = Debug|Any CPU
		{AFD9CC07-D335-47C7-86D0-926955DC3EC1}.Debug|Any CPU.Build.0 = Debug|Any CPU
		{AFD9CC07-D335-47C7-86D0-926955DC3EC1}.Release|Any CPU.ActiveCfg = Release|Any CPU
		{AFD9CC07-D335-47C7-86D0-926955DC3EC1}.Release|Any CPU.Build.0 = Release|Any CPU
		{499EB594-2D3A-4BD0-8DF8-70AE6CF04E0F}.Debug|Any CPU.ActiveCfg = Debug|Any CPU
		{499EB594-2D3A-4BD0-8DF8-70AE6CF04E0F}.Debug|Any CPU.Build.0 = Debug|Any CPU
		{499EB594-2D3A-4BD0-8DF8-70AE6CF04E0F}.Release|Any CPU.ActiveCfg = Release|Any CPU
		{499EB594-2D3A-4BD0-8DF8-70AE6CF04E0F}.Release|Any CPU.Build.0 = Release|Any CPU
		{062EBFF7-D6DE-4DE9-9EAD-98FFFB6EA1D8}.Debug|Any CPU.ActiveCfg = Debug|Any CPU
		{062EBFF7-D6DE-4DE9-9EAD-98FFFB6EA1D8}.Debug|Any CPU.Build.0 = Debug|Any CPU
		{062EBFF7-D6DE-4DE9-9EAD-98FFFB6EA1D8}.Release|Any CPU.ActiveCfg = Release|Any CPU
		{062EBFF7-D6DE-4DE9-9EAD-98FFFB6EA1D8}.Release|Any CPU.Build.0 = Release|Any CPU
		{23B2C00A-30C6-4078-BCE3-E9F0C99FAF9F}.Debug|Any CPU.ActiveCfg = Debug|Any CPU
		{23B2C00A-30C6-4078-BCE3-E9F0C99FAF9F}.Debug|Any CPU.Build.0 = Debug|Any CPU
		{23B2C00A-30C6-4078-BCE3-E9F0C99FAF9F}.Release|Any CPU.ActiveCfg = Release|Any CPU
		{23B2C00A-30C6-4078-BCE3-E9F0C99FAF9F}.Release|Any CPU.Build.0 = Release|Any CPU
		{CE6191A3-1EC1-4D5E-A694-E61E885512A3}.Debug|Any CPU.ActiveCfg = Debug|Any CPU
		{CE6191A3-1EC1-4D5E-A694-E61E885512A3}.Debug|Any CPU.Build.0 = Debug|Any CPU
		{CE6191A3-1EC1-4D5E-A694-E61E885512A3}.Release|Any CPU.ActiveCfg = Release|Any CPU
		{CE6191A3-1EC1-4D5E-A694-E61E885512A3}.Release|Any CPU.Build.0 = Release|Any CPU
		{8C42FD90-FAF9-42E3-9777-F032EA4E7694}.Debug|Any CPU.ActiveCfg = Debug|Any CPU
		{8C42FD90-FAF9-42E3-9777-F032EA4E7694}.Debug|Any CPU.Build.0 = Debug|Any CPU
		{8C42FD90-FAF9-42E3-9777-F032EA4E7694}.Release|Any CPU.ActiveCfg = Release|Any CPU
		{8C42FD90-FAF9-42E3-9777-F032EA4E7694}.Release|Any CPU.Build.0 = Release|Any CPU
		{2613B622-A28F-457C-B403-E0A1572B2262}.Debug|Any CPU.ActiveCfg = Debug|Any CPU
		{2613B622-A28F-457C-B403-E0A1572B2262}.Debug|Any CPU.Build.0 = Debug|Any CPU
		{2613B622-A28F-457C-B403-E0A1572B2262}.Release|Any CPU.ActiveCfg = Release|Any CPU
		{2613B622-A28F-457C-B403-E0A1572B2262}.Release|Any CPU.Build.0 = Release|Any CPU
		{0F6D30B5-B8A8-418F-98E9-6DDBE830D3B2}.Debug|Any CPU.ActiveCfg = Debug|Any CPU
		{0F6D30B5-B8A8-418F-98E9-6DDBE830D3B2}.Debug|Any CPU.Build.0 = Debug|Any CPU
		{0F6D30B5-B8A8-418F-98E9-6DDBE830D3B2}.Release|Any CPU.ActiveCfg = Release|Any CPU
		{0F6D30B5-B8A8-418F-98E9-6DDBE830D3B2}.Release|Any CPU.Build.0 = Release|Any CPU
		{5FCDDD1D-1F8E-4892-8B17-4FE9D10A0C29}.Debug|Any CPU.ActiveCfg = Debug|Any CPU
		{5FCDDD1D-1F8E-4892-8B17-4FE9D10A0C29}.Debug|Any CPU.Build.0 = Debug|Any CPU
		{5FCDDD1D-1F8E-4892-8B17-4FE9D10A0C29}.Release|Any CPU.ActiveCfg = Release|Any CPU
		{5FCDDD1D-1F8E-4892-8B17-4FE9D10A0C29}.Release|Any CPU.Build.0 = Release|Any CPU
		{C6601B25-1578-406B-A7B7-DDF1205E2B2C}.Debug|Any CPU.ActiveCfg = Debug|Any CPU
		{C6601B25-1578-406B-A7B7-DDF1205E2B2C}.Debug|Any CPU.Build.0 = Debug|Any CPU
		{C6601B25-1578-406B-A7B7-DDF1205E2B2C}.Release|Any CPU.ActiveCfg = Release|Any CPU
		{C6601B25-1578-406B-A7B7-DDF1205E2B2C}.Release|Any CPU.Build.0 = Release|Any CPU
		{11097D7F-143B-4971-AA5F-E79C5A736AAC}.Debug|Any CPU.ActiveCfg = Debug|Any CPU
		{11097D7F-143B-4971-AA5F-E79C5A736AAC}.Debug|Any CPU.Build.0 = Debug|Any CPU
		{11097D7F-143B-4971-AA5F-E79C5A736AAC}.Release|Any CPU.ActiveCfg = Release|Any CPU
		{11097D7F-143B-4971-AA5F-E79C5A736AAC}.Release|Any CPU.Build.0 = Release|Any CPU
		{B75986F5-B43E-46CD-BE42-B3D703694FD2}.Debug|Any CPU.ActiveCfg = Debug|Any CPU
		{B75986F5-B43E-46CD-BE42-B3D703694FD2}.Debug|Any CPU.Build.0 = Debug|Any CPU
		{B75986F5-B43E-46CD-BE42-B3D703694FD2}.Release|Any CPU.ActiveCfg = Release|Any CPU
		{B75986F5-B43E-46CD-BE42-B3D703694FD2}.Release|Any CPU.Build.0 = Release|Any CPU
		{77DD2231-83C4-42C9-B459-B1B9BA38E489}.Debug|Any CPU.ActiveCfg = Debug|Any CPU
		{77DD2231-83C4-42C9-B459-B1B9BA38E489}.Debug|Any CPU.Build.0 = Debug|Any CPU
		{77DD2231-83C4-42C9-B459-B1B9BA38E489}.Release|Any CPU.ActiveCfg = Release|Any CPU
		{77DD2231-83C4-42C9-B459-B1B9BA38E489}.Release|Any CPU.Build.0 = Release|Any CPU
		{90A4C434-4D79-492B-8A23-7CB373D06EB6}.Debug|Any CPU.ActiveCfg = Debug|Any CPU
		{90A4C434-4D79-492B-8A23-7CB373D06EB6}.Debug|Any CPU.Build.0 = Debug|Any CPU
		{90A4C434-4D79-492B-8A23-7CB373D06EB6}.Release|Any CPU.ActiveCfg = Release|Any CPU
		{90A4C434-4D79-492B-8A23-7CB373D06EB6}.Release|Any CPU.Build.0 = Release|Any CPU
		{19684879-8928-4FC0-AE69-432D39243847}.Debug|Any CPU.ActiveCfg = Debug|Any CPU
		{19684879-8928-4FC0-AE69-432D39243847}.Debug|Any CPU.Build.0 = Debug|Any CPU
		{19684879-8928-4FC0-AE69-432D39243847}.Release|Any CPU.ActiveCfg = Release|Any CPU
		{19684879-8928-4FC0-AE69-432D39243847}.Release|Any CPU.Build.0 = Release|Any CPU
		{C99FBAAD-730D-4902-876C-81F654EC821A}.Debug|Any CPU.ActiveCfg = Debug|Any CPU
		{C99FBAAD-730D-4902-876C-81F654EC821A}.Debug|Any CPU.Build.0 = Debug|Any CPU
		{C99FBAAD-730D-4902-876C-81F654EC821A}.Release|Any CPU.ActiveCfg = Release|Any CPU
		{C99FBAAD-730D-4902-876C-81F654EC821A}.Release|Any CPU.Build.0 = Release|Any CPU
		{2E67063B-E3B2-4B49-AFD2-ED1661E37442}.Debug|Any CPU.ActiveCfg = Debug|Any CPU
		{2E67063B-E3B2-4B49-AFD2-ED1661E37442}.Debug|Any CPU.Build.0 = Debug|Any CPU
		{2E67063B-E3B2-4B49-AFD2-ED1661E37442}.Release|Any CPU.ActiveCfg = Release|Any CPU
		{2E67063B-E3B2-4B49-AFD2-ED1661E37442}.Release|Any CPU.Build.0 = Release|Any CPU
		{61F59F70-3481-41D8-B466-260E412B64ED}.Debug|Any CPU.ActiveCfg = Debug|Any CPU
		{61F59F70-3481-41D8-B466-260E412B64ED}.Debug|Any CPU.Build.0 = Debug|Any CPU
		{61F59F70-3481-41D8-B466-260E412B64ED}.Release|Any CPU.ActiveCfg = Release|Any CPU
		{61F59F70-3481-41D8-B466-260E412B64ED}.Release|Any CPU.Build.0 = Release|Any CPU
		{0243A0F3-CB5C-47C3-8D80-BB1F9C78818C}.Debug|Any CPU.ActiveCfg = Debug|Any CPU
		{0243A0F3-CB5C-47C3-8D80-BB1F9C78818C}.Debug|Any CPU.Build.0 = Debug|Any CPU
		{0243A0F3-CB5C-47C3-8D80-BB1F9C78818C}.Release|Any CPU.ActiveCfg = Release|Any CPU
		{0243A0F3-CB5C-47C3-8D80-BB1F9C78818C}.Release|Any CPU.Build.0 = Release|Any CPU
		{B83F5C43-647F-4028-872B-0E327F5131EB}.Debug|Any CPU.ActiveCfg = Debug|Any CPU
		{B83F5C43-647F-4028-872B-0E327F5131EB}.Debug|Any CPU.Build.0 = Debug|Any CPU
		{B83F5C43-647F-4028-872B-0E327F5131EB}.Release|Any CPU.ActiveCfg = Release|Any CPU
		{B83F5C43-647F-4028-872B-0E327F5131EB}.Release|Any CPU.Build.0 = Release|Any CPU
	EndGlobalSection
	GlobalSection(SolutionProperties) = preSolution
		HideSolutionNode = FALSE
	EndGlobalSection
	GlobalSection(NestedProjects) = preSolution
		{1311E88D-1239-467B-B8F9-60E4D5F265B0} = {D8F332EF-4694-4A30-9FE1-349173DF7A6A}
		{3A359530-27F7-4AD1-9C2C-2051D95D7451} = {F0552F7C-3F9C-4BDF-96C3-F793546E1BD5}
		{90895AFE-4199-45D7-926D-12C0B8FDD5E3} = {F0552F7C-3F9C-4BDF-96C3-F793546E1BD5}
		{F6C30F54-6947-4CA9-B2E3-2B5A81FF42D4} = {F0552F7C-3F9C-4BDF-96C3-F793546E1BD5}
		{64A618E2-4F51-41AF-A946-FFEEF5396F8B} = {9A38AC52-C490-403F-AFF0-76EE1F3C1A39}
		{883825DE-7562-49C1-89B1-DE97A60E594D} = {64A618E2-4F51-41AF-A946-FFEEF5396F8B}
		{AFD9CC07-D335-47C7-86D0-926955DC3EC1} = {64A618E2-4F51-41AF-A946-FFEEF5396F8B}
		{499EB594-2D3A-4BD0-8DF8-70AE6CF04E0F} = {4FD87675-B0D8-4DAE-BA39-6D76DF38B3F2}
		{062EBFF7-D6DE-4DE9-9EAD-98FFFB6EA1D8} = {9A38AC52-C490-403F-AFF0-76EE1F3C1A39}
		{23B2C00A-30C6-4078-BCE3-E9F0C99FAF9F} = {9A38AC52-C490-403F-AFF0-76EE1F3C1A39}
		{CE6191A3-1EC1-4D5E-A694-E61E885512A3} = {7C3B0334-137C-4DAC-BABB-05AB79C18BDB}
		{8C42FD90-FAF9-42E3-9777-F032EA4E7694} = {7C3B0334-137C-4DAC-BABB-05AB79C18BDB}
		{2613B622-A28F-457C-B403-E0A1572B2262} = {7C3B0334-137C-4DAC-BABB-05AB79C18BDB}
		{0F6D30B5-B8A8-418F-98E9-6DDBE830D3B2} = {7C3B0334-137C-4DAC-BABB-05AB79C18BDB}
		{5FCDDD1D-1F8E-4892-8B17-4FE9D10A0C29} = {7C3B0334-137C-4DAC-BABB-05AB79C18BDB}
		{11097D7F-143B-4971-AA5F-E79C5A736AAC} = {F0552F7C-3F9C-4BDF-96C3-F793546E1BD5}
		{B75986F5-B43E-46CD-BE42-B3D703694FD2} = {F0552F7C-3F9C-4BDF-96C3-F793546E1BD5}
		{1D15D0EE-BC7E-435F-B05A-059C243AFDF3} = {7C3B0334-137C-4DAC-BABB-05AB79C18BDB}
		{77DD2231-83C4-42C9-B459-B1B9BA38E489} = {1D15D0EE-BC7E-435F-B05A-059C243AFDF3}
		{90A4C434-4D79-492B-8A23-7CB373D06EB6} = {7C3B0334-137C-4DAC-BABB-05AB79C18BDB}
		{19684879-8928-4FC0-AE69-432D39243847} = {D8F332EF-4694-4A30-9FE1-349173DF7A6A}
		{C99FBAAD-730D-4902-876C-81F654EC821A} = {64A618E2-4F51-41AF-A946-FFEEF5396F8B}
		{2E67063B-E3B2-4B49-AFD2-ED1661E37442} = {F0552F7C-3F9C-4BDF-96C3-F793546E1BD5}
		{28C8ED4F-505F-4344-8ED1-D52355AF59F7} = {03FF0F20-7F61-4E83-AC37-A0490AD955EE}
		{90794264-2AF3-4B01-8F0D-B48FEE83DA33} = {9A38AC52-C490-403F-AFF0-76EE1F3C1A39}
		{61F59F70-3481-41D8-B466-260E412B64ED} = {90794264-2AF3-4B01-8F0D-B48FEE83DA33}
		{03FF0F20-7F61-4E83-AC37-A0490AD955EE} = {9A38AC52-C490-403F-AFF0-76EE1F3C1A39}
		{0243A0F3-CB5C-47C3-8D80-BB1F9C78818C} = {03FF0F20-7F61-4E83-AC37-A0490AD955EE}
		{B83F5C43-647F-4028-872B-0E327F5131EB} = {03FF0F20-7F61-4E83-AC37-A0490AD955EE}
		{D8F332EF-4694-4A30-9FE1-349173DF7A6A} = {9A38AC52-C490-403F-AFF0-76EE1F3C1A39}
		{4FD87675-B0D8-4DAE-BA39-6D76DF38B3F2} = {9A38AC52-C490-403F-AFF0-76EE1F3C1A39}
	EndGlobalSection
	GlobalSection(ExtensibilityGlobals) = postSolution
		SolutionGuid = {D126F5EC-9F52-488C-AA73-0EFAF4AF94B3}
	EndGlobalSection
EndGlobal
