
Microsoft Visual Studio Solution File, Format Version 12.00
# Visual Studio Version 16
VisualStudioVersion = 16.0.30218.91
MinimumVisualStudioVersion = 10.0.40219.1
Project("{D954291E-2A0B-460D-934E-DC6B0785DB48}") = "Joker.Uno.Sample.Shared", "Joker.Uno.Sample.Shared\Joker.Uno.Sample.Shared.shproj", "{6279C845-92F8-4333-AB99-3D213163593C}"
EndProject
Project("{FAE04EC0-301F-11D3-BF4B-00C04F79EFBC}") = "Joker.Uno.Sample.Droid", "Joker.Uno.Sample.Droid\Joker.Uno.Sample.Droid.csproj", "{6C9C0EA3-13B0-4A05-88B2-86E9B7CB46F6}"
EndProject
Project("{FAE04EC0-301F-11D3-BF4B-00C04F79EFBC}") = "Joker.Uno.Sample.iOS", "Joker.Uno.Sample.iOS\Joker.Uno.Sample.iOS.csproj", "{9BFA5121-7D6B-4C28-A524-A4994CC67884}"
EndProject
Project("{FAE04EC0-301F-11D3-BF4B-00C04F79EFBC}") = "Joker.Uno.Sample.UWP", "Joker.Uno.Sample.UWP\Joker.Uno.Sample.UWP.csproj", "{1B41443B-75AE-4FAC-96C5-2C70C634A872}"
EndProject
Project("{FAE04EC0-301F-11D3-BF4B-00C04F79EFBC}") = "Joker.Uno.Sample.Wasm", "Joker.Uno.Sample.Wasm\Joker.Uno.Sample.Wasm.csproj", "{7DAD511F-16B7-41A2-AE1A-543C41B852EC}"
EndProject
Project("{FAE04EC0-301F-11D3-BF4B-00C04F79EFBC}") = "Joker.Uno.Sample.macOS", "Joker.Uno.Sample.macOS\Joker.Uno.Sample.macOS.csproj", "{BBA098F9-5135-431E-8758-1B61DE72119E}"
EndProject
Global
	GlobalSection(SharedMSBuildProjectFiles) = preSolution
		Joker.Uno.Sample.Shared\Joker.Uno.Sample.Shared.projitems*{1b41443b-75ae-4fac-96c5-2c70c634a872}*SharedItemsImports = 4
		Joker.Uno.Sample.Shared\Joker.Uno.Sample.Shared.projitems*{6279c845-92f8-4333-ab99-3d213163593c}*SharedItemsImports = 13
		Joker.Uno.Sample.Shared\Joker.Uno.Sample.Shared.projitems*{6c9c0ea3-13b0-4a05-88b2-86e9b7cb46f6}*SharedItemsImports = 4
		Joker.Uno.Sample.Shared\Joker.Uno.Sample.Shared.projitems*{7dad511f-16b7-41a2-ae1a-543c41b852ec}*SharedItemsImports = 5
		Joker.Uno.Sample.Shared\Joker.Uno.Sample.Shared.projitems*{9bfa5121-7d6b-4c28-a524-a4994cc67884}*SharedItemsImports = 4
		Joker.Uno.Sample.Shared\Joker.Uno.Sample.Shared.projitems*{bba098f9-5135-431e-8758-1b61de72119e}*SharedItemsImports = 4
	EndGlobalSection
	GlobalSection(SolutionConfigurationPlatforms) = preSolution
		Ad-Hoc|Any CPU = Ad-Hoc|Any CPU
		Ad-Hoc|ARM = Ad-Hoc|ARM
		Ad-Hoc|ARM64 = Ad-Hoc|ARM64
		Ad-Hoc|iPhone = Ad-Hoc|iPhone
		Ad-Hoc|iPhoneSimulator = Ad-Hoc|iPhoneSimulator
		Ad-Hoc|x64 = Ad-Hoc|x64
		Ad-Hoc|x86 = Ad-Hoc|x86
		AppStore|Any CPU = AppStore|Any CPU
		AppStore|ARM = AppStore|ARM
		AppStore|ARM64 = AppStore|ARM64
		AppStore|iPhone = AppStore|iPhone
		AppStore|iPhoneSimulator = AppStore|iPhoneSimulator
		AppStore|x64 = AppStore|x64
		AppStore|x86 = AppStore|x86
		Debug|Any CPU = Debug|Any CPU
		Debug|ARM = Debug|ARM
		Debug|ARM64 = Debug|ARM64
		Debug|iPhone = Debug|iPhone
		Debug|iPhoneSimulator = Debug|iPhoneSimulator
		Debug|x64 = Debug|x64
		Debug|x86 = Debug|x86
		Release|Any CPU = Release|Any CPU
		Release|ARM = Release|ARM
		Release|ARM64 = Release|ARM64
		Release|iPhone = Release|iPhone
		Release|iPhoneSimulator = Release|iPhoneSimulator
		Release|x64 = Release|x64
		Release|x86 = Release|x86
	EndGlobalSection
	GlobalSection(ProjectConfigurationPlatforms) = postSolution
		{6C9C0EA3-13B0-4A05-88B2-86E9B7CB46F6}.Ad-Hoc|Any CPU.ActiveCfg = Release|Any CPU
		{6C9C0EA3-13B0-4A05-88B2-86E9B7CB46F6}.Ad-Hoc|Any CPU.Build.0 = Release|Any CPU
		{6C9C0EA3-13B0-4A05-88B2-86E9B7CB46F6}.Ad-Hoc|Any CPU.Deploy.0 = Release|Any CPU
		{6C9C0EA3-13B0-4A05-88B2-86E9B7CB46F6}.Ad-Hoc|ARM.ActiveCfg = Release|Any CPU
		{6C9C0EA3-13B0-4A05-88B2-86E9B7CB46F6}.Ad-Hoc|ARM.Build.0 = Release|Any CPU
		{6C9C0EA3-13B0-4A05-88B2-86E9B7CB46F6}.Ad-Hoc|ARM.Deploy.0 = Release|Any CPU
		{6C9C0EA3-13B0-4A05-88B2-86E9B7CB46F6}.Ad-Hoc|ARM64.ActiveCfg = Release|Any CPU
		{6C9C0EA3-13B0-4A05-88B2-86E9B7CB46F6}.Ad-Hoc|ARM64.Build.0 = Release|Any CPU
		{6C9C0EA3-13B0-4A05-88B2-86E9B7CB46F6}.Ad-Hoc|ARM64.Deploy.0 = Release|Any CPU
		{6C9C0EA3-13B0-4A05-88B2-86E9B7CB46F6}.Ad-Hoc|iPhone.ActiveCfg = Release|Any CPU
		{6C9C0EA3-13B0-4A05-88B2-86E9B7CB46F6}.Ad-Hoc|iPhone.Build.0 = Release|Any CPU
		{6C9C0EA3-13B0-4A05-88B2-86E9B7CB46F6}.Ad-Hoc|iPhone.Deploy.0 = Release|Any CPU
		{6C9C0EA3-13B0-4A05-88B2-86E9B7CB46F6}.Ad-Hoc|iPhoneSimulator.ActiveCfg = Release|Any CPU
		{6C9C0EA3-13B0-4A05-88B2-86E9B7CB46F6}.Ad-Hoc|iPhoneSimulator.Build.0 = Release|Any CPU
		{6C9C0EA3-13B0-4A05-88B2-86E9B7CB46F6}.Ad-Hoc|iPhoneSimulator.Deploy.0 = Release|Any CPU
		{6C9C0EA3-13B0-4A05-88B2-86E9B7CB46F6}.Ad-Hoc|x64.ActiveCfg = Release|Any CPU
		{6C9C0EA3-13B0-4A05-88B2-86E9B7CB46F6}.Ad-Hoc|x64.Build.0 = Release|Any CPU
		{6C9C0EA3-13B0-4A05-88B2-86E9B7CB46F6}.Ad-Hoc|x64.Deploy.0 = Release|Any CPU
		{6C9C0EA3-13B0-4A05-88B2-86E9B7CB46F6}.Ad-Hoc|x86.ActiveCfg = Release|Any CPU
		{6C9C0EA3-13B0-4A05-88B2-86E9B7CB46F6}.Ad-Hoc|x86.Build.0 = Release|Any CPU
		{6C9C0EA3-13B0-4A05-88B2-86E9B7CB46F6}.Ad-Hoc|x86.Deploy.0 = Release|Any CPU
		{6C9C0EA3-13B0-4A05-88B2-86E9B7CB46F6}.AppStore|Any CPU.ActiveCfg = Release|Any CPU
		{6C9C0EA3-13B0-4A05-88B2-86E9B7CB46F6}.AppStore|Any CPU.Build.0 = Release|Any CPU
		{6C9C0EA3-13B0-4A05-88B2-86E9B7CB46F6}.AppStore|Any CPU.Deploy.0 = Release|Any CPU
		{6C9C0EA3-13B0-4A05-88B2-86E9B7CB46F6}.AppStore|ARM.ActiveCfg = Release|Any CPU
		{6C9C0EA3-13B0-4A05-88B2-86E9B7CB46F6}.AppStore|ARM.Build.0 = Release|Any CPU
		{6C9C0EA3-13B0-4A05-88B2-86E9B7CB46F6}.AppStore|ARM.Deploy.0 = Release|Any CPU
		{6C9C0EA3-13B0-4A05-88B2-86E9B7CB46F6}.AppStore|ARM64.ActiveCfg = Release|Any CPU
		{6C9C0EA3-13B0-4A05-88B2-86E9B7CB46F6}.AppStore|ARM64.Build.0 = Release|Any CPU
		{6C9C0EA3-13B0-4A05-88B2-86E9B7CB46F6}.AppStore|ARM64.Deploy.0 = Release|Any CPU
		{6C9C0EA3-13B0-4A05-88B2-86E9B7CB46F6}.AppStore|iPhone.ActiveCfg = Release|Any CPU
		{6C9C0EA3-13B0-4A05-88B2-86E9B7CB46F6}.AppStore|iPhone.Build.0 = Release|Any CPU
		{6C9C0EA3-13B0-4A05-88B2-86E9B7CB46F6}.AppStore|iPhone.Deploy.0 = Release|Any CPU
		{6C9C0EA3-13B0-4A05-88B2-86E9B7CB46F6}.AppStore|iPhoneSimulator.ActiveCfg = Release|Any CPU
		{6C9C0EA3-13B0-4A05-88B2-86E9B7CB46F6}.AppStore|iPhoneSimulator.Build.0 = Release|Any CPU
		{6C9C0EA3-13B0-4A05-88B2-86E9B7CB46F6}.AppStore|iPhoneSimulator.Deploy.0 = Release|Any CPU
		{6C9C0EA3-13B0-4A05-88B2-86E9B7CB46F6}.AppStore|x64.ActiveCfg = Release|Any CPU
		{6C9C0EA3-13B0-4A05-88B2-86E9B7CB46F6}.AppStore|x64.Build.0 = Release|Any CPU
		{6C9C0EA3-13B0-4A05-88B2-86E9B7CB46F6}.AppStore|x64.Deploy.0 = Release|Any CPU
		{6C9C0EA3-13B0-4A05-88B2-86E9B7CB46F6}.AppStore|x86.ActiveCfg = Release|Any CPU
		{6C9C0EA3-13B0-4A05-88B2-86E9B7CB46F6}.AppStore|x86.Build.0 = Release|Any CPU
		{6C9C0EA3-13B0-4A05-88B2-86E9B7CB46F6}.AppStore|x86.Deploy.0 = Release|Any CPU
		{6C9C0EA3-13B0-4A05-88B2-86E9B7CB46F6}.Debug|Any CPU.ActiveCfg = Debug|Any CPU
		{6C9C0EA3-13B0-4A05-88B2-86E9B7CB46F6}.Debug|Any CPU.Build.0 = Debug|Any CPU
		{6C9C0EA3-13B0-4A05-88B2-86E9B7CB46F6}.Debug|Any CPU.Deploy.0 = Debug|Any CPU
		{6C9C0EA3-13B0-4A05-88B2-86E9B7CB46F6}.Debug|ARM.ActiveCfg = Debug|Any CPU
		{6C9C0EA3-13B0-4A05-88B2-86E9B7CB46F6}.Debug|ARM.Build.0 = Debug|Any CPU
		{6C9C0EA3-13B0-4A05-88B2-86E9B7CB46F6}.Debug|ARM.Deploy.0 = Debug|Any CPU
		{6C9C0EA3-13B0-4A05-88B2-86E9B7CB46F6}.Debug|ARM64.ActiveCfg = Debug|Any CPU
		{6C9C0EA3-13B0-4A05-88B2-86E9B7CB46F6}.Debug|ARM64.Build.0 = Debug|Any CPU
		{6C9C0EA3-13B0-4A05-88B2-86E9B7CB46F6}.Debug|ARM64.Deploy.0 = Debug|Any CPU
		{6C9C0EA3-13B0-4A05-88B2-86E9B7CB46F6}.Debug|iPhone.ActiveCfg = Debug|Any CPU
		{6C9C0EA3-13B0-4A05-88B2-86E9B7CB46F6}.Debug|iPhone.Build.0 = Debug|Any CPU
		{6C9C0EA3-13B0-4A05-88B2-86E9B7CB46F6}.Debug|iPhone.Deploy.0 = Debug|Any CPU
		{6C9C0EA3-13B0-4A05-88B2-86E9B7CB46F6}.Debug|iPhoneSimulator.ActiveCfg = Debug|Any CPU
		{6C9C0EA3-13B0-4A05-88B2-86E9B7CB46F6}.Debug|iPhoneSimulator.Build.0 = Debug|Any CPU
		{6C9C0EA3-13B0-4A05-88B2-86E9B7CB46F6}.Debug|iPhoneSimulator.Deploy.0 = Debug|Any CPU
		{6C9C0EA3-13B0-4A05-88B2-86E9B7CB46F6}.Debug|x64.ActiveCfg = Debug|Any CPU
		{6C9C0EA3-13B0-4A05-88B2-86E9B7CB46F6}.Debug|x64.Build.0 = Debug|Any CPU
		{6C9C0EA3-13B0-4A05-88B2-86E9B7CB46F6}.Debug|x64.Deploy.0 = Debug|Any CPU
		{6C9C0EA3-13B0-4A05-88B2-86E9B7CB46F6}.Debug|x86.ActiveCfg = Debug|Any CPU
		{6C9C0EA3-13B0-4A05-88B2-86E9B7CB46F6}.Debug|x86.Build.0 = Debug|Any CPU
		{6C9C0EA3-13B0-4A05-88B2-86E9B7CB46F6}.Debug|x86.Deploy.0 = Debug|Any CPU
		{6C9C0EA3-13B0-4A05-88B2-86E9B7CB46F6}.Release|Any CPU.ActiveCfg = Release|Any CPU
		{6C9C0EA3-13B0-4A05-88B2-86E9B7CB46F6}.Release|Any CPU.Build.0 = Release|Any CPU
		{6C9C0EA3-13B0-4A05-88B2-86E9B7CB46F6}.Release|Any CPU.Deploy.0 = Release|Any CPU
		{6C9C0EA3-13B0-4A05-88B2-86E9B7CB46F6}.Release|ARM.ActiveCfg = Release|Any CPU
		{6C9C0EA3-13B0-4A05-88B2-86E9B7CB46F6}.Release|ARM.Build.0 = Release|Any CPU
		{6C9C0EA3-13B0-4A05-88B2-86E9B7CB46F6}.Release|ARM.Deploy.0 = Release|Any CPU
		{6C9C0EA3-13B0-4A05-88B2-86E9B7CB46F6}.Release|ARM64.ActiveCfg = Release|Any CPU
		{6C9C0EA3-13B0-4A05-88B2-86E9B7CB46F6}.Release|ARM64.Build.0 = Release|Any CPU
		{6C9C0EA3-13B0-4A05-88B2-86E9B7CB46F6}.Release|ARM64.Deploy.0 = Release|Any CPU
		{6C9C0EA3-13B0-4A05-88B2-86E9B7CB46F6}.Release|iPhone.ActiveCfg = Release|Any CPU
		{6C9C0EA3-13B0-4A05-88B2-86E9B7CB46F6}.Release|iPhone.Build.0 = Release|Any CPU
		{6C9C0EA3-13B0-4A05-88B2-86E9B7CB46F6}.Release|iPhone.Deploy.0 = Release|Any CPU
		{6C9C0EA3-13B0-4A05-88B2-86E9B7CB46F6}.Release|iPhoneSimulator.ActiveCfg = Release|Any CPU
		{6C9C0EA3-13B0-4A05-88B2-86E9B7CB46F6}.Release|iPhoneSimulator.Build.0 = Release|Any CPU
		{6C9C0EA3-13B0-4A05-88B2-86E9B7CB46F6}.Release|iPhoneSimulator.Deploy.0 = Release|Any CPU
		{6C9C0EA3-13B0-4A05-88B2-86E9B7CB46F6}.Release|x64.ActiveCfg = Release|Any CPU
		{6C9C0EA3-13B0-4A05-88B2-86E9B7CB46F6}.Release|x64.Build.0 = Release|Any CPU
		{6C9C0EA3-13B0-4A05-88B2-86E9B7CB46F6}.Release|x64.Deploy.0 = Release|Any CPU
		{6C9C0EA3-13B0-4A05-88B2-86E9B7CB46F6}.Release|x86.ActiveCfg = Release|Any CPU
		{6C9C0EA3-13B0-4A05-88B2-86E9B7CB46F6}.Release|x86.Build.0 = Release|Any CPU
		{6C9C0EA3-13B0-4A05-88B2-86E9B7CB46F6}.Release|x86.Deploy.0 = Release|Any CPU
		{9BFA5121-7D6B-4C28-A524-A4994CC67884}.Ad-Hoc|Any CPU.ActiveCfg = Ad-Hoc|iPhone
		{9BFA5121-7D6B-4C28-A524-A4994CC67884}.Ad-Hoc|ARM.ActiveCfg = Ad-Hoc|iPhone
		{9BFA5121-7D6B-4C28-A524-A4994CC67884}.Ad-Hoc|ARM64.ActiveCfg = Ad-Hoc|iPhone
		{9BFA5121-7D6B-4C28-A524-A4994CC67884}.Ad-Hoc|iPhone.ActiveCfg = Ad-Hoc|iPhone
		{9BFA5121-7D6B-4C28-A524-A4994CC67884}.Ad-Hoc|iPhone.Build.0 = Ad-Hoc|iPhone
		{9BFA5121-7D6B-4C28-A524-A4994CC67884}.Ad-Hoc|iPhoneSimulator.ActiveCfg = Ad-Hoc|iPhoneSimulator
		{9BFA5121-7D6B-4C28-A524-A4994CC67884}.Ad-Hoc|iPhoneSimulator.Build.0 = Ad-Hoc|iPhoneSimulator
		{9BFA5121-7D6B-4C28-A524-A4994CC67884}.Ad-Hoc|x64.ActiveCfg = Ad-Hoc|iPhone
		{9BFA5121-7D6B-4C28-A524-A4994CC67884}.Ad-Hoc|x86.ActiveCfg = Ad-Hoc|iPhone
		{9BFA5121-7D6B-4C28-A524-A4994CC67884}.AppStore|Any CPU.ActiveCfg = AppStore|iPhone
		{9BFA5121-7D6B-4C28-A524-A4994CC67884}.AppStore|ARM.ActiveCfg = AppStore|iPhone
		{9BFA5121-7D6B-4C28-A524-A4994CC67884}.AppStore|ARM64.ActiveCfg = AppStore|iPhone
		{9BFA5121-7D6B-4C28-A524-A4994CC67884}.AppStore|iPhone.ActiveCfg = AppStore|iPhone
		{9BFA5121-7D6B-4C28-A524-A4994CC67884}.AppStore|iPhone.Build.0 = AppStore|iPhone
		{9BFA5121-7D6B-4C28-A524-A4994CC67884}.AppStore|iPhoneSimulator.ActiveCfg = AppStore|iPhoneSimulator
		{9BFA5121-7D6B-4C28-A524-A4994CC67884}.AppStore|iPhoneSimulator.Build.0 = AppStore|iPhoneSimulator
		{9BFA5121-7D6B-4C28-A524-A4994CC67884}.AppStore|x64.ActiveCfg = AppStore|iPhone
		{9BFA5121-7D6B-4C28-A524-A4994CC67884}.AppStore|x86.ActiveCfg = AppStore|iPhone
		{9BFA5121-7D6B-4C28-A524-A4994CC67884}.Debug|Any CPU.ActiveCfg = Debug|iPhone
		{9BFA5121-7D6B-4C28-A524-A4994CC67884}.Debug|ARM.ActiveCfg = Debug|iPhone
		{9BFA5121-7D6B-4C28-A524-A4994CC67884}.Debug|ARM64.ActiveCfg = Debug|iPhone
		{9BFA5121-7D6B-4C28-A524-A4994CC67884}.Debug|iPhone.ActiveCfg = Debug|iPhone
		{9BFA5121-7D6B-4C28-A524-A4994CC67884}.Debug|iPhone.Build.0 = Debug|iPhone
		{9BFA5121-7D6B-4C28-A524-A4994CC67884}.Debug|iPhoneSimulator.ActiveCfg = Debug|iPhoneSimulator
		{9BFA5121-7D6B-4C28-A524-A4994CC67884}.Debug|iPhoneSimulator.Build.0 = Debug|iPhoneSimulator
		{9BFA5121-7D6B-4C28-A524-A4994CC67884}.Debug|x64.ActiveCfg = Debug|iPhone
		{9BFA5121-7D6B-4C28-A524-A4994CC67884}.Debug|x86.ActiveCfg = Debug|iPhone
		{9BFA5121-7D6B-4C28-A524-A4994CC67884}.Release|Any CPU.ActiveCfg = Release|iPhone
		{9BFA5121-7D6B-4C28-A524-A4994CC67884}.Release|ARM.ActiveCfg = Release|iPhone
		{9BFA5121-7D6B-4C28-A524-A4994CC67884}.Release|ARM64.ActiveCfg = Release|iPhone
		{9BFA5121-7D6B-4C28-A524-A4994CC67884}.Release|iPhone.ActiveCfg = Release|iPhone
		{9BFA5121-7D6B-4C28-A524-A4994CC67884}.Release|iPhone.Build.0 = Release|iPhone
		{9BFA5121-7D6B-4C28-A524-A4994CC67884}.Release|iPhoneSimulator.ActiveCfg = Release|iPhoneSimulator
		{9BFA5121-7D6B-4C28-A524-A4994CC67884}.Release|iPhoneSimulator.Build.0 = Release|iPhoneSimulator
		{9BFA5121-7D6B-4C28-A524-A4994CC67884}.Release|x64.ActiveCfg = Release|iPhone
		{9BFA5121-7D6B-4C28-A524-A4994CC67884}.Release|x86.ActiveCfg = Release|iPhone
		{1B41443B-75AE-4FAC-96C5-2C70C634A872}.Ad-Hoc|Any CPU.ActiveCfg = Release|x64
		{1B41443B-75AE-4FAC-96C5-2C70C634A872}.Ad-Hoc|Any CPU.Build.0 = Release|x64
		{1B41443B-75AE-4FAC-96C5-2C70C634A872}.Ad-Hoc|Any CPU.Deploy.0 = Release|x64
		{1B41443B-75AE-4FAC-96C5-2C70C634A872}.Ad-Hoc|ARM.ActiveCfg = Release|ARM
		{1B41443B-75AE-4FAC-96C5-2C70C634A872}.Ad-Hoc|ARM.Build.0 = Release|ARM
		{1B41443B-75AE-4FAC-96C5-2C70C634A872}.Ad-Hoc|ARM.Deploy.0 = Release|ARM
		{1B41443B-75AE-4FAC-96C5-2C70C634A872}.Ad-Hoc|ARM64.ActiveCfg = Release|ARM64
		{1B41443B-75AE-4FAC-96C5-2C70C634A872}.Ad-Hoc|ARM64.Build.0 = Release|ARM64
		{1B41443B-75AE-4FAC-96C5-2C70C634A872}.Ad-Hoc|ARM64.Deploy.0 = Release|ARM64
		{1B41443B-75AE-4FAC-96C5-2C70C634A872}.Ad-Hoc|iPhone.ActiveCfg = Release|x64
		{1B41443B-75AE-4FAC-96C5-2C70C634A872}.Ad-Hoc|iPhone.Build.0 = Release|x64
		{1B41443B-75AE-4FAC-96C5-2C70C634A872}.Ad-Hoc|iPhone.Deploy.0 = Release|x64
		{1B41443B-75AE-4FAC-96C5-2C70C634A872}.Ad-Hoc|iPhoneSimulator.ActiveCfg = Release|x64
		{1B41443B-75AE-4FAC-96C5-2C70C634A872}.Ad-Hoc|iPhoneSimulator.Build.0 = Release|x64
		{1B41443B-75AE-4FAC-96C5-2C70C634A872}.Ad-Hoc|iPhoneSimulator.Deploy.0 = Release|x64
		{1B41443B-75AE-4FAC-96C5-2C70C634A872}.Ad-Hoc|x64.ActiveCfg = Release|x64
		{1B41443B-75AE-4FAC-96C5-2C70C634A872}.Ad-Hoc|x64.Build.0 = Release|x64
		{1B41443B-75AE-4FAC-96C5-2C70C634A872}.Ad-Hoc|x64.Deploy.0 = Release|x64
		{1B41443B-75AE-4FAC-96C5-2C70C634A872}.Ad-Hoc|x86.ActiveCfg = Release|x86
		{1B41443B-75AE-4FAC-96C5-2C70C634A872}.Ad-Hoc|x86.Build.0 = Release|x86
		{1B41443B-75AE-4FAC-96C5-2C70C634A872}.Ad-Hoc|x86.Deploy.0 = Release|x86
		{1B41443B-75AE-4FAC-96C5-2C70C634A872}.AppStore|Any CPU.ActiveCfg = Release|x64
		{1B41443B-75AE-4FAC-96C5-2C70C634A872}.AppStore|Any CPU.Build.0 = Release|x64
		{1B41443B-75AE-4FAC-96C5-2C70C634A872}.AppStore|Any CPU.Deploy.0 = Release|x64
		{1B41443B-75AE-4FAC-96C5-2C70C634A872}.AppStore|ARM.ActiveCfg = Release|ARM
		{1B41443B-75AE-4FAC-96C5-2C70C634A872}.AppStore|ARM.Build.0 = Release|ARM
		{1B41443B-75AE-4FAC-96C5-2C70C634A872}.AppStore|ARM.Deploy.0 = Release|ARM
		{1B41443B-75AE-4FAC-96C5-2C70C634A872}.AppStore|ARM64.ActiveCfg = Release|ARM64
		{1B41443B-75AE-4FAC-96C5-2C70C634A872}.AppStore|ARM64.Build.0 = Release|ARM64
		{1B41443B-75AE-4FAC-96C5-2C70C634A872}.AppStore|ARM64.Deploy.0 = Release|ARM64
		{1B41443B-75AE-4FAC-96C5-2C70C634A872}.AppStore|iPhone.ActiveCfg = Release|x64
		{1B41443B-75AE-4FAC-96C5-2C70C634A872}.AppStore|iPhone.Build.0 = Release|x64
		{1B41443B-75AE-4FAC-96C5-2C70C634A872}.AppStore|iPhone.Deploy.0 = Release|x64
		{1B41443B-75AE-4FAC-96C5-2C70C634A872}.AppStore|iPhoneSimulator.ActiveCfg = Release|x64
		{1B41443B-75AE-4FAC-96C5-2C70C634A872}.AppStore|iPhoneSimulator.Build.0 = Release|x64
		{1B41443B-75AE-4FAC-96C5-2C70C634A872}.AppStore|iPhoneSimulator.Deploy.0 = Release|x64
		{1B41443B-75AE-4FAC-96C5-2C70C634A872}.AppStore|x64.ActiveCfg = Release|x64
		{1B41443B-75AE-4FAC-96C5-2C70C634A872}.AppStore|x64.Build.0 = Release|x64
		{1B41443B-75AE-4FAC-96C5-2C70C634A872}.AppStore|x64.Deploy.0 = Release|x64
		{1B41443B-75AE-4FAC-96C5-2C70C634A872}.AppStore|x86.ActiveCfg = Release|x86
		{1B41443B-75AE-4FAC-96C5-2C70C634A872}.AppStore|x86.Build.0 = Release|x86
		{1B41443B-75AE-4FAC-96C5-2C70C634A872}.AppStore|x86.Deploy.0 = Release|x86
		{1B41443B-75AE-4FAC-96C5-2C70C634A872}.Debug|Any CPU.ActiveCfg = Debug|x86
		{1B41443B-75AE-4FAC-96C5-2C70C634A872}.Debug|ARM.ActiveCfg = Debug|ARM
		{1B41443B-75AE-4FAC-96C5-2C70C634A872}.Debug|ARM.Build.0 = Debug|ARM
		{1B41443B-75AE-4FAC-96C5-2C70C634A872}.Debug|ARM.Deploy.0 = Debug|ARM
		{1B41443B-75AE-4FAC-96C5-2C70C634A872}.Debug|ARM64.ActiveCfg = Debug|ARM64
		{1B41443B-75AE-4FAC-96C5-2C70C634A872}.Debug|ARM64.Build.0 = Debug|ARM64
		{1B41443B-75AE-4FAC-96C5-2C70C634A872}.Debug|ARM64.Deploy.0 = Debug|ARM64
		{1B41443B-75AE-4FAC-96C5-2C70C634A872}.Debug|iPhone.ActiveCfg = Debug|x86
		{1B41443B-75AE-4FAC-96C5-2C70C634A872}.Debug|iPhoneSimulator.ActiveCfg = Debug|x86
		{1B41443B-75AE-4FAC-96C5-2C70C634A872}.Debug|x64.ActiveCfg = Debug|x64
		{1B41443B-75AE-4FAC-96C5-2C70C634A872}.Debug|x64.Build.0 = Debug|x64
		{1B41443B-75AE-4FAC-96C5-2C70C634A872}.Debug|x64.Deploy.0 = Debug|x64
		{1B41443B-75AE-4FAC-96C5-2C70C634A872}.Debug|x86.ActiveCfg = Debug|x86
		{1B41443B-75AE-4FAC-96C5-2C70C634A872}.Debug|x86.Build.0 = Debug|x86
		{1B41443B-75AE-4FAC-96C5-2C70C634A872}.Debug|x86.Deploy.0 = Debug|x86
		{1B41443B-75AE-4FAC-96C5-2C70C634A872}.Release|Any CPU.ActiveCfg = Release|x86
		{1B41443B-75AE-4FAC-96C5-2C70C634A872}.Release|ARM.ActiveCfg = Release|ARM
		{1B41443B-75AE-4FAC-96C5-2C70C634A872}.Release|ARM.Build.0 = Release|ARM
		{1B41443B-75AE-4FAC-96C5-2C70C634A872}.Release|ARM.Deploy.0 = Release|ARM
		{1B41443B-75AE-4FAC-96C5-2C70C634A872}.Release|ARM64.ActiveCfg = Release|ARM64
		{1B41443B-75AE-4FAC-96C5-2C70C634A872}.Release|ARM64.Build.0 = Release|ARM64
		{1B41443B-75AE-4FAC-96C5-2C70C634A872}.Release|ARM64.Deploy.0 = Release|ARM64
		{1B41443B-75AE-4FAC-96C5-2C70C634A872}.Release|iPhone.ActiveCfg = Release|x86
		{1B41443B-75AE-4FAC-96C5-2C70C634A872}.Release|iPhoneSimulator.ActiveCfg = Release|x86
		{1B41443B-75AE-4FAC-96C5-2C70C634A872}.Release|x64.ActiveCfg = Release|x64
		{1B41443B-75AE-4FAC-96C5-2C70C634A872}.Release|x64.Build.0 = Release|x64
		{1B41443B-75AE-4FAC-96C5-2C70C634A872}.Release|x64.Deploy.0 = Release|x64
		{1B41443B-75AE-4FAC-96C5-2C70C634A872}.Release|x86.ActiveCfg = Release|x86
		{1B41443B-75AE-4FAC-96C5-2C70C634A872}.Release|x86.Build.0 = Release|x86
		{1B41443B-75AE-4FAC-96C5-2C70C634A872}.Release|x86.Deploy.0 = Release|x86
		{7DAD511F-16B7-41A2-AE1A-543C41B852EC}.Ad-Hoc|Any CPU.ActiveCfg = Debug|Any CPU
		{7DAD511F-16B7-41A2-AE1A-543C41B852EC}.Ad-Hoc|Any CPU.Build.0 = Debug|Any CPU
		{7DAD511F-16B7-41A2-AE1A-543C41B852EC}.Ad-Hoc|ARM.ActiveCfg = Debug|Any CPU
		{7DAD511F-16B7-41A2-AE1A-543C41B852EC}.Ad-Hoc|ARM.Build.0 = Debug|Any CPU
		{7DAD511F-16B7-41A2-AE1A-543C41B852EC}.Ad-Hoc|ARM64.ActiveCfg = Debug|Any CPU
		{7DAD511F-16B7-41A2-AE1A-543C41B852EC}.Ad-Hoc|ARM64.Build.0 = Debug|Any CPU
		{7DAD511F-16B7-41A2-AE1A-543C41B852EC}.Ad-Hoc|iPhone.ActiveCfg = Debug|Any CPU
		{7DAD511F-16B7-41A2-AE1A-543C41B852EC}.Ad-Hoc|iPhone.Build.0 = Debug|Any CPU
		{7DAD511F-16B7-41A2-AE1A-543C41B852EC}.Ad-Hoc|iPhoneSimulator.ActiveCfg = Debug|Any CPU
		{7DAD511F-16B7-41A2-AE1A-543C41B852EC}.Ad-Hoc|iPhoneSimulator.Build.0 = Debug|Any CPU
		{7DAD511F-16B7-41A2-AE1A-543C41B852EC}.Ad-Hoc|x64.ActiveCfg = Debug|Any CPU
		{7DAD511F-16B7-41A2-AE1A-543C41B852EC}.Ad-Hoc|x64.Build.0 = Debug|Any CPU
		{7DAD511F-16B7-41A2-AE1A-543C41B852EC}.Ad-Hoc|x86.ActiveCfg = Debug|Any CPU
		{7DAD511F-16B7-41A2-AE1A-543C41B852EC}.Ad-Hoc|x86.Build.0 = Debug|Any CPU
		{7DAD511F-16B7-41A2-AE1A-543C41B852EC}.AppStore|Any CPU.ActiveCfg = Debug|Any CPU
		{7DAD511F-16B7-41A2-AE1A-543C41B852EC}.AppStore|Any CPU.Build.0 = Debug|Any CPU
		{7DAD511F-16B7-41A2-AE1A-543C41B852EC}.AppStore|ARM.ActiveCfg = Debug|Any CPU
		{7DAD511F-16B7-41A2-AE1A-543C41B852EC}.AppStore|ARM.Build.0 = Debug|Any CPU
		{7DAD511F-16B7-41A2-AE1A-543C41B852EC}.AppStore|ARM64.ActiveCfg = Debug|Any CPU
		{7DAD511F-16B7-41A2-AE1A-543C41B852EC}.AppStore|ARM64.Build.0 = Debug|Any CPU
		{7DAD511F-16B7-41A2-AE1A-543C41B852EC}.AppStore|iPhone.ActiveCfg = Debug|Any CPU
		{7DAD511F-16B7-41A2-AE1A-543C41B852EC}.AppStore|iPhone.Build.0 = Debug|Any CPU
		{7DAD511F-16B7-41A2-AE1A-543C41B852EC}.AppStore|iPhoneSimulator.ActiveCfg = Debug|Any CPU
		{7DAD511F-16B7-41A2-AE1A-543C41B852EC}.AppStore|iPhoneSimulator.Build.0 = Debug|Any CPU
		{7DAD511F-16B7-41A2-AE1A-543C41B852EC}.AppStore|x64.ActiveCfg = Debug|Any CPU
		{7DAD511F-16B7-41A2-AE1A-543C41B852EC}.AppStore|x64.Build.0 = Debug|Any CPU
		{7DAD511F-16B7-41A2-AE1A-543C41B852EC}.AppStore|x86.ActiveCfg = Debug|Any CPU
		{7DAD511F-16B7-41A2-AE1A-543C41B852EC}.AppStore|x86.Build.0 = Debug|Any CPU
		{7DAD511F-16B7-41A2-AE1A-543C41B852EC}.Debug|Any CPU.ActiveCfg = Debug|Any CPU
		{7DAD511F-16B7-41A2-AE1A-543C41B852EC}.Debug|Any CPU.Build.0 = Debug|Any CPU
		{7DAD511F-16B7-41A2-AE1A-543C41B852EC}.Debug|ARM.ActiveCfg = Debug|Any CPU
		{7DAD511F-16B7-41A2-AE1A-543C41B852EC}.Debug|ARM.Build.0 = Debug|Any CPU
		{7DAD511F-16B7-41A2-AE1A-543C41B852EC}.Debug|ARM64.ActiveCfg = Debug|Any CPU
		{7DAD511F-16B7-41A2-AE1A-543C41B852EC}.Debug|ARM64.Build.0 = Debug|Any CPU
		{7DAD511F-16B7-41A2-AE1A-543C41B852EC}.Debug|iPhone.ActiveCfg = Debug|Any CPU
		{7DAD511F-16B7-41A2-AE1A-543C41B852EC}.Debug|iPhone.Build.0 = Debug|Any CPU
		{7DAD511F-16B7-41A2-AE1A-543C41B852EC}.Debug|iPhoneSimulator.ActiveCfg = Debug|Any CPU
		{7DAD511F-16B7-41A2-AE1A-543C41B852EC}.Debug|iPhoneSimulator.Build.0 = Debug|Any CPU
		{7DAD511F-16B7-41A2-AE1A-543C41B852EC}.Debug|x64.ActiveCfg = Debug|Any CPU
		{7DAD511F-16B7-41A2-AE1A-543C41B852EC}.Debug|x64.Build.0 = Debug|Any CPU
		{7DAD511F-16B7-41A2-AE1A-543C41B852EC}.Debug|x86.ActiveCfg = Debug|Any CPU
		{7DAD511F-16B7-41A2-AE1A-543C41B852EC}.Debug|x86.Build.0 = Debug|Any CPU
		{7DAD511F-16B7-41A2-AE1A-543C41B852EC}.Release|Any CPU.ActiveCfg = Release|Any CPU
		{7DAD511F-16B7-41A2-AE1A-543C41B852EC}.Release|Any CPU.Build.0 = Release|Any CPU
		{7DAD511F-16B7-41A2-AE1A-543C41B852EC}.Release|ARM.ActiveCfg = Release|Any CPU
		{7DAD511F-16B7-41A2-AE1A-543C41B852EC}.Release|ARM.Build.0 = Release|Any CPU
		{7DAD511F-16B7-41A2-AE1A-543C41B852EC}.Release|ARM64.ActiveCfg = Release|Any CPU
		{7DAD511F-16B7-41A2-AE1A-543C41B852EC}.Release|ARM64.Build.0 = Release|Any CPU
		{7DAD511F-16B7-41A2-AE1A-543C41B852EC}.Release|iPhone.ActiveCfg = Release|Any CPU
		{7DAD511F-16B7-41A2-AE1A-543C41B852EC}.Release|iPhone.Build.0 = Release|Any CPU
		{7DAD511F-16B7-41A2-AE1A-543C41B852EC}.Release|iPhoneSimulator.ActiveCfg = Release|Any CPU
		{7DAD511F-16B7-41A2-AE1A-543C41B852EC}.Release|iPhoneSimulator.Build.0 = Release|Any CPU
		{7DAD511F-16B7-41A2-AE1A-543C41B852EC}.Release|x64.ActiveCfg = Release|Any CPU
		{7DAD511F-16B7-41A2-AE1A-543C41B852EC}.Release|x64.Build.0 = Release|Any CPU
		{7DAD511F-16B7-41A2-AE1A-543C41B852EC}.Release|x86.ActiveCfg = Release|Any CPU
		{7DAD511F-16B7-41A2-AE1A-543C41B852EC}.Release|x86.Build.0 = Release|Any CPU
		{BBA098F9-5135-431E-8758-1B61DE72119E}.Ad-Hoc|Any CPU.ActiveCfg = Release|iPhoneSimulator
		{BBA098F9-5135-431E-8758-1B61DE72119E}.Ad-Hoc|Any CPU.Build.0 = Release|iPhoneSimulator
		{BBA098F9-5135-431E-8758-1B61DE72119E}.Ad-Hoc|ARM.ActiveCfg = Release|iPhoneSimulator
		{BBA098F9-5135-431E-8758-1B61DE72119E}.Ad-Hoc|ARM.Build.0 = Release|iPhoneSimulator
		{BBA098F9-5135-431E-8758-1B61DE72119E}.Ad-Hoc|ARM64.ActiveCfg = Release|iPhoneSimulator
		{BBA098F9-5135-431E-8758-1B61DE72119E}.Ad-Hoc|ARM64.Build.0 = Release|iPhoneSimulator
		{BBA098F9-5135-431E-8758-1B61DE72119E}.Ad-Hoc|iPhone.ActiveCfg = Release|iPhoneSimulator
		{BBA098F9-5135-431E-8758-1B61DE72119E}.Ad-Hoc|iPhone.Build.0 = Release|iPhoneSimulator
		{BBA098F9-5135-431E-8758-1B61DE72119E}.Ad-Hoc|iPhoneSimulator.ActiveCfg = Release|iPhoneSimulator
		{BBA098F9-5135-431E-8758-1B61DE72119E}.Ad-Hoc|iPhoneSimulator.Build.0 = Release|iPhoneSimulator
		{BBA098F9-5135-431E-8758-1B61DE72119E}.Ad-Hoc|x64.ActiveCfg = Release|iPhoneSimulator
		{BBA098F9-5135-431E-8758-1B61DE72119E}.Ad-Hoc|x64.Build.0 = Release|iPhoneSimulator
		{BBA098F9-5135-431E-8758-1B61DE72119E}.Ad-Hoc|x86.ActiveCfg = Release|iPhoneSimulator
		{BBA098F9-5135-431E-8758-1B61DE72119E}.Ad-Hoc|x86.Build.0 = Release|iPhoneSimulator
		{BBA098F9-5135-431E-8758-1B61DE72119E}.AppStore|Any CPU.ActiveCfg = Release|iPhoneSimulator
		{BBA098F9-5135-431E-8758-1B61DE72119E}.AppStore|Any CPU.Build.0 = Release|iPhoneSimulator
		{BBA098F9-5135-431E-8758-1B61DE72119E}.AppStore|ARM.ActiveCfg = Release|iPhoneSimulator
		{BBA098F9-5135-431E-8758-1B61DE72119E}.AppStore|ARM.Build.0 = Release|iPhoneSimulator
		{BBA098F9-5135-431E-8758-1B61DE72119E}.AppStore|ARM64.ActiveCfg = Release|iPhoneSimulator
		{BBA098F9-5135-431E-8758-1B61DE72119E}.AppStore|ARM64.Build.0 = Release|iPhoneSimulator
		{BBA098F9-5135-431E-8758-1B61DE72119E}.AppStore|iPhone.ActiveCfg = Release|iPhoneSimulator
		{BBA098F9-5135-431E-8758-1B61DE72119E}.AppStore|iPhone.Build.0 = Release|iPhoneSimulator
		{BBA098F9-5135-431E-8758-1B61DE72119E}.AppStore|iPhoneSimulator.ActiveCfg = Release|iPhoneSimulator
		{BBA098F9-5135-431E-8758-1B61DE72119E}.AppStore|iPhoneSimulator.Build.0 = Release|iPhoneSimulator
		{BBA098F9-5135-431E-8758-1B61DE72119E}.AppStore|x64.ActiveCfg = Release|iPhoneSimulator
		{BBA098F9-5135-431E-8758-1B61DE72119E}.AppStore|x64.Build.0 = Release|iPhoneSimulator
		{BBA098F9-5135-431E-8758-1B61DE72119E}.AppStore|x86.ActiveCfg = Release|iPhoneSimulator
		{BBA098F9-5135-431E-8758-1B61DE72119E}.AppStore|x86.Build.0 = Release|iPhoneSimulator
		{BBA098F9-5135-431E-8758-1B61DE72119E}.Debug|Any CPU.ActiveCfg = Debug|iPhoneSimulator
		{BBA098F9-5135-431E-8758-1B61DE72119E}.Debug|ARM.ActiveCfg = Debug|iPhoneSimulator
		{BBA098F9-5135-431E-8758-1B61DE72119E}.Debug|ARM64.ActiveCfg = Debug|iPhoneSimulator
		{BBA098F9-5135-431E-8758-1B61DE72119E}.Debug|iPhone.ActiveCfg = Debug|iPhoneSimulator
		{BBA098F9-5135-431E-8758-1B61DE72119E}.Debug|iPhoneSimulator.ActiveCfg = Debug|iPhoneSimulator
		{BBA098F9-5135-431E-8758-1B61DE72119E}.Debug|iPhoneSimulator.Build.0 = Debug|iPhoneSimulator
		{BBA098F9-5135-431E-8758-1B61DE72119E}.Debug|x64.ActiveCfg = Debug|iPhoneSimulator
		{BBA098F9-5135-431E-8758-1B61DE72119E}.Debug|x86.ActiveCfg = Debug|iPhoneSimulator
		{BBA098F9-5135-431E-8758-1B61DE72119E}.Release|Any CPU.ActiveCfg = Release|iPhoneSimulator
		{BBA098F9-5135-431E-8758-1B61DE72119E}.Release|ARM.ActiveCfg = Release|iPhoneSimulator
		{BBA098F9-5135-431E-8758-1B61DE72119E}.Release|ARM64.ActiveCfg = Release|iPhoneSimulator
		{BBA098F9-5135-431E-8758-1B61DE72119E}.Release|iPhone.ActiveCfg = Release|iPhoneSimulator
		{BBA098F9-5135-431E-8758-1B61DE72119E}.Release|iPhoneSimulator.ActiveCfg = Release|iPhoneSimulator
		{BBA098F9-5135-431E-8758-1B61DE72119E}.Release|iPhoneSimulator.Build.0 = Release|iPhoneSimulator
		{BBA098F9-5135-431E-8758-1B61DE72119E}.Release|x64.ActiveCfg = Release|iPhoneSimulator
		{BBA098F9-5135-431E-8758-1B61DE72119E}.Release|x86.ActiveCfg = Release|iPhoneSimulator
	EndGlobalSection
	GlobalSection(SolutionProperties) = preSolution
		HideSolutionNode = FALSE
	EndGlobalSection
	GlobalSection(ExtensibilityGlobals) = postSolution
		SolutionGuid = {4067C5A7-F3A7-41E1-9E19-07BC8F133A09}
	EndGlobalSection
EndGlobal
