
Microsoft Visual Studio Solution File, Format Version 12.00
# Visual Studio Version 16
VisualStudioVersion = 16.0.30204.135
MinimumVisualStudioVersion = 10.0.40219.1
Project("{9A19103F-16F7-4668-BE54-9A1E7A4F7556}") = "Joker.BlazorApp.Sample", "Joker.BlazorApp.Sample\Joker.BlazorApp.Sample.csproj", "{1A20B92E-2241-45BB-BD44-567A508B3FEB}"
EndProject
Project("{2150E333-8FDC-42A3-9474-1A3956D46DE8}") = "Samples", "Samples", "{81B7BFDD-22AB-4B21-B109-EEC0647D295E}"
EndProject
Project("{2150E333-8FDC-42A3-9474-1A3956D46DE8}") = "Joker", "Joker", "{E7114011-1948-4A12-B7D3-B7256ECA175C}"
EndProject
Project("{9A19103F-16F7-4668-BE54-9A1E7A4F7556}") = "Sample.Domain.Dev", "..\Sample.Domain\Sample.Domain.Dev.csproj", "{D140281A-395B-4E6F-AB5D-6683D9C11181}"
EndProject
Project("{9A19103F-16F7-4668-BE54-9A1E7A4F7556}") = "OData.Client.Dev", "..\OData\OData.Client\OData.Client.Dev.csproj", "{3F28F775-2597-4810-B527-E16013995EBF}"
EndProject
Project("{9A19103F-16F7-4668-BE54-9A1E7A4F7556}") = "Joker", "..\..\Joker\Joker.csproj", "{6F532AC3-9DE1-478D-8443-D6710DA9F1E6}"
EndProject
Project("{9A19103F-16F7-4668-BE54-9A1E7A4F7556}") = "Joker.MVVM", "..\..\Joker.MVVM\Joker.MVVM.csproj", "{0DFDDDAF-561E-4B2A-BC15-4FED49A5B22B}"
EndProject
Project("{9A19103F-16F7-4668-BE54-9A1E7A4F7556}") = "Joker.Redis", "..\..\Joker.Redis\Joker.Redis.csproj", "{2E6A353D-2881-46CD-B853-9982C6142A0B}"
EndProject
Project("{D954291E-2A0B-460D-934E-DC6B0785DB48}") = "Joker.PubSubUI.Shared", "..\Joker.PubSubUI.Shared\Joker.PubSubUI.Shared.shproj", "{28C8ED4F-505F-4344-8ED1-D52355AF59F7}"
EndProject
Global
	GlobalSection(SharedMSBuildProjectFiles) = preSolution
		..\Joker.PubSubUI.Shared\Joker.PubSubUI.Shared.projitems*{1a20b92e-2241-45bb-bd44-567a508b3feb}*SharedItemsImports = 5
		..\Joker.PubSubUI.Shared\Joker.PubSubUI.Shared.projitems*{28c8ed4f-505f-4344-8ed1-d52355af59f7}*SharedItemsImports = 13
	EndGlobalSection
	GlobalSection(SolutionConfigurationPlatforms) = preSolution
		Debug|Any CPU = Debug|Any CPU
		Release|Any CPU = Release|Any CPU
	EndGlobalSection
	GlobalSection(ProjectConfigurationPlatforms) = postSolution
		{1A20B92E-2241-45BB-BD44-567A508B3FEB}.Debug|Any CPU.ActiveCfg = Debug|Any CPU
		{1A20B92E-2241-45BB-BD44-567A508B3FEB}.Debug|Any CPU.Build.0 = Debug|Any CPU
		{1A20B92E-2241-45BB-BD44-567A508B3FEB}.Release|Any CPU.ActiveCfg = Release|Any CPU
		{1A20B92E-2241-45BB-BD44-567A508B3FEB}.Release|Any CPU.Build.0 = Release|Any CPU
		{D140281A-395B-4E6F-AB5D-6683D9C11181}.Debug|Any CPU.ActiveCfg = Debug|Any CPU
		{D140281A-395B-4E6F-AB5D-6683D9C11181}.Debug|Any CPU.Build.0 = Debug|Any CPU
		{D140281A-395B-4E6F-AB5D-6683D9C11181}.Release|Any CPU.ActiveCfg = Release|Any CPU
		{D140281A-395B-4E6F-AB5D-6683D9C11181}.Release|Any CPU.Build.0 = Release|Any CPU
		{3F28F775-2597-4810-B527-E16013995EBF}.Debug|Any CPU.ActiveCfg = Debug|Any CPU
		{3F28F775-2597-4810-B527-E16013995EBF}.Debug|Any CPU.Build.0 = Debug|Any CPU
		{3F28F775-2597-4810-B527-E16013995EBF}.Release|Any CPU.ActiveCfg = Release|Any CPU
		{3F28F775-2597-4810-B527-E16013995EBF}.Release|Any CPU.Build.0 = Release|Any CPU
		{6F532AC3-9DE1-478D-8443-D6710DA9F1E6}.Debug|Any CPU.ActiveCfg = Debug|Any CPU
		{6F532AC3-9DE1-478D-8443-D6710DA9F1E6}.Debug|Any CPU.Build.0 = Debug|Any CPU
		{6F532AC3-9DE1-478D-8443-D6710DA9F1E6}.Release|Any CPU.ActiveCfg = Release|Any CPU
		{6F532AC3-9DE1-478D-8443-D6710DA9F1E6}.Release|Any CPU.Build.0 = Release|Any CPU
		{0DFDDDAF-561E-4B2A-BC15-4FED49A5B22B}.Debug|Any CPU.ActiveCfg = Debug|Any CPU
		{0DFDDDAF-561E-4B2A-BC15-4FED49A5B22B}.Debug|Any CPU.Build.0 = Debug|Any CPU
		{0DFDDDAF-561E-4B2A-BC15-4FED49A5B22B}.Release|Any CPU.ActiveCfg = Release|Any CPU
		{0DFDDDAF-561E-4B2A-BC15-4FED49A5B22B}.Release|Any CPU.Build.0 = Release|Any CPU
		{2E6A353D-2881-46CD-B853-9982C6142A0B}.Debug|Any CPU.ActiveCfg = Debug|Any CPU
		{2E6A353D-2881-46CD-B853-9982C6142A0B}.Debug|Any CPU.Build.0 = Debug|Any CPU
		{2E6A353D-2881-46CD-B853-9982C6142A0B}.Release|Any CPU.ActiveCfg = Release|Any CPU
		{2E6A353D-2881-46CD-B853-9982C6142A0B}.Release|Any CPU.Build.0 = Release|Any CPU
	EndGlobalSection
	GlobalSection(SolutionProperties) = preSolution
		HideSolutionNode = FALSE
	EndGlobalSection
	GlobalSection(NestedProjects) = preSolution
		{D140281A-395B-4E6F-AB5D-6683D9C11181} = {81B7BFDD-22AB-4B21-B109-EEC0647D295E}
		{3F28F775-2597-4810-B527-E16013995EBF} = {81B7BFDD-22AB-4B21-B109-EEC0647D295E}
		{6F532AC3-9DE1-478D-8443-D6710DA9F1E6} = {E7114011-1948-4A12-B7D3-B7256ECA175C}
		{0DFDDDAF-561E-4B2A-BC15-4FED49A5B22B} = {E7114011-1948-4A12-B7D3-B7256ECA175C}
		{2E6A353D-2881-46CD-B853-9982C6142A0B} = {E7114011-1948-4A12-B7D3-B7256ECA175C}
	EndGlobalSection
	GlobalSection(ExtensibilityGlobals) = postSolution
		SolutionGuid = {C1C1BC26-A404-4801-8FF9-396948627AFA}
	EndGlobalSection
EndGlobal
