
Microsoft Visual Studio Solution File, Format Version 12.00
# Visual Studio Version 16
VisualStudioVersion = 16.0.30204.135
MinimumVisualStudioVersion = 10.0.40219.1
Project("{9A19103F-16F7-4668-BE54-9A1E7A4F7556}") = "Joker.BlazorApp.Sample", "Joker.BlazorApp.Sample\Joker.BlazorApp.Sample.csproj", "{1A20B92E-2241-45BB-BD44-567A508B3FEB}"
EndProject
Project("{2150E333-8FDC-42A3-9474-1A3956D46DE8}") = "Samples", "Samples", "{81B7BFDD-22AB-4B21-B109-EEC0647D295E}"
EndProject
Project("{2150E333-8FDC-42A3-9474-1A3956D46DE8}") = "Joker", "Joker", "{E7114011-1948-4A12-B7D3-B7256ECA175C}"
EndProject
Project("{9A19103F-16F7-4668-BE54-9A1E7A4F7556}") = "Joker", "..\..\Joker\Joker.csproj", "{6F532AC3-9DE1-478D-8443-D6710DA9F1E6}"
EndProject
Project("{9A19103F-16F7-4668-BE54-9A1E7A4F7556}") = "Joker.MVVM", "..\..\Joker.MVVM\Joker.MVVM.csproj", "{0DFDDDAF-561E-4B2A-BC15-4FED49A5B22B}"
EndProject
Project("{D954291E-2A0B-460D-934E-DC6B0785DB48}") = "Joker.PubSubUI.Shared", "..\Joker.PubSubUI.Shared\Joker.PubSubUI.Shared.shproj", "{28C8ED4F-505F-4344-8ED1-D52355AF59F7}"
EndProject
Project("{9A19103F-16F7-4668-BE54-9A1E7A4F7556}") = "Sample.Domain", "..\Sample.Domain\Sample.Domain.csproj", "{7914079A-9D34-485B-B7FC-90DAAFB86CA5}"
EndProject
Project("{9A19103F-16F7-4668-BE54-9A1E7A4F7556}") = "OData.Client", "..\OData\OData.Client\OData.Client.csproj", "{8D6A2AE3-EC81-47AA-8874-4588CFE4CC41}"
EndProject
Project("{9A19103F-16F7-4668-BE54-9A1E7A4F7556}") = "Joker.Autofac.UI", "..\Shared\Joker.Autofac.UI\Joker.Autofac.UI.csproj", "{8D798B75-A7D7-4939-82BD-6826275A8EB4}"
EndProject
Global
	GlobalSection(SharedMSBuildProjectFiles) = preSolution
		..\Joker.PubSubUI.Shared\Joker.PubSubUI.Shared.projitems*{28c8ed4f-505f-4344-8ed1-d52355af59f7}*SharedItemsImports = 13
		..\Joker.PubSubUI.Shared\Joker.PubSubUI.Shared.projitems*{8d798b75-a7d7-4939-82bd-6826275a8eb4}*SharedItemsImports = 5
	EndGlobalSection
	GlobalSection(SolutionConfigurationPlatforms) = preSolution
		Debug|Any CPU = Debug|Any CPU
		Release|Any CPU = Release|Any CPU
	EndGlobalSection
	GlobalSection(ProjectConfigurationPlatforms) = postSolution
		{1A20B92E-2241-45BB-BD44-567A508B3FEB}.Debug|Any CPU.ActiveCfg = Debug|Any CPU
		{1A20B92E-2241-45BB-BD44-567A508B3FEB}.Debug|Any CPU.Build.0 = Debug|Any CPU
		{1A20B92E-2241-45BB-BD44-567A508B3FEB}.Release|Any CPU.ActiveCfg = Release|Any CPU
		{1A20B92E-2241-45BB-BD44-567A508B3FEB}.Release|Any CPU.Build.0 = Release|Any CPU
		{6F532AC3-9DE1-478D-8443-D6710DA9F1E6}.Debug|Any CPU.ActiveCfg = Debug|Any CPU
		{6F532AC3-9DE1-478D-8443-D6710DA9F1E6}.Debug|Any CPU.Build.0 = Debug|Any CPU
		{6F532AC3-9DE1-478D-8443-D6710DA9F1E6}.Release|Any CPU.ActiveCfg = Release|Any CPU
		{6F532AC3-9DE1-478D-8443-D6710DA9F1E6}.Release|Any CPU.Build.0 = Release|Any CPU
		{0DFDDDAF-561E-4B2A-BC15-4FED49A5B22B}.Debug|Any CPU.ActiveCfg = Debug|Any CPU
		{0DFDDDAF-561E-4B2A-BC15-4FED49A5B22B}.Debug|Any CPU.Build.0 = Debug|Any CPU
		{0DFDDDAF-561E-4B2A-BC15-4FED49A5B22B}.Release|Any CPU.ActiveCfg = Release|Any CPU
		{0DFDDDAF-561E-4B2A-BC15-4FED49A5B22B}.Release|Any CPU.Build.0 = Release|Any CPU
		{7914079A-9D34-485B-B7FC-90DAAFB86CA5}.Debug|Any CPU.ActiveCfg = Debug|Any CPU
		{7914079A-9D34-485B-B7FC-90DAAFB86CA5}.Debug|Any CPU.Build.0 = Debug|Any CPU
		{7914079A-9D34-485B-B7FC-90DAAFB86CA5}.Release|Any CPU.ActiveCfg = Release|Any CPU
		{7914079A-9D34-485B-B7FC-90DAAFB86CA5}.Release|Any CPU.Build.0 = Release|Any CPU
		{8D6A2AE3-EC81-47AA-8874-4588CFE4CC41}.Debug|Any CPU.ActiveCfg = Debug|Any CPU
		{8D6A2AE3-EC81-47AA-8874-4588CFE4CC41}.Debug|Any CPU.Build.0 = Debug|Any CPU
		{8D6A2AE3-EC81-47AA-8874-4588CFE4CC41}.Release|Any CPU.ActiveCfg = Release|Any CPU
		{8D6A2AE3-EC81-47AA-8874-4588CFE4CC41}.Release|Any CPU.Build.0 = Release|Any CPU
		{8D798B75-A7D7-4939-82BD-6826275A8EB4}.Debug|Any CPU.ActiveCfg = Debug|Any CPU
		{8D798B75-A7D7-4939-82BD-6826275A8EB4}.Debug|Any CPU.Build.0 = Debug|Any CPU
		{8D798B75-A7D7-4939-82BD-6826275A8EB4}.Release|Any CPU.ActiveCfg = Release|Any CPU
		{8D798B75-A7D7-4939-82BD-6826275A8EB4}.Release|Any CPU.Build.0 = Release|Any CPU
	EndGlobalSection
	GlobalSection(SolutionProperties) = preSolution
		HideSolutionNode = FALSE
	EndGlobalSection
	GlobalSection(NestedProjects) = preSolution
		{6F532AC3-9DE1-478D-8443-D6710DA9F1E6} = {E7114011-1948-4A12-B7D3-B7256ECA175C}
		{0DFDDDAF-561E-4B2A-BC15-4FED49A5B22B} = {E7114011-1948-4A12-B7D3-B7256ECA175C}
		{28C8ED4F-505F-4344-8ED1-D52355AF59F7} = {81B7BFDD-22AB-4B21-B109-EEC0647D295E}
		{7914079A-9D34-485B-B7FC-90DAAFB86CA5} = {81B7BFDD-22AB-4B21-B109-EEC0647D295E}
		{8D6A2AE3-EC81-47AA-8874-4588CFE4CC41} = {81B7BFDD-22AB-4B21-B109-EEC0647D295E}
		{8D798B75-A7D7-4939-82BD-6826275A8EB4} = {81B7BFDD-22AB-4B21-B109-EEC0647D295E}
	EndGlobalSection
	GlobalSection(ExtensibilityGlobals) = postSolution
		SolutionGuid = {C1C1BC26-A404-4801-8FF9-396948627AFA}
	EndGlobalSection
EndGlobal
